{
  "version": 4,
  "terraform_version": "1.7.4",
  "serial": 72,
  "lineage": "ccad7c21-c333-a0f6-5e9a-a602e23f63c6",
  "outputs": {
    "ActiveMGMTPublicIP": {
      "value": "https://4.255.16.193:8443",
      "type": "string"
    },
    "FrontendIP-ELB": {
      "value": "4.255.17.66",
      "type": "string"
    },
    "FrontendIP-ILB": {
      "value": "172.18.10.68",
      "type": "string"
    },
    "PassiveMGMTPublicIP": {
      "value": "https://4.255.17.44:8443",
      "type": "string"
    },
    "Password": {
      "value": "Passw0rd",
      "type": "string"
    },
    "ResourceGroup": {
      "value": "rsg-thiagopontes",
      "type": "string"
    },
    "Username": {
      "value": "tsp",
      "type": "string"
    }
  },
  "resources": [
    {
      "mode": "managed",
      "type": "azurerm_lb",
      "name": "externalLB",
      "provider": "provider[\"registry.terraform.io/hashicorp/azurerm\"]",
      "instances": [
        {
          "schema_version": 0,
          "attributes": {
            "edge_zone": "",
            "frontend_ip_configuration": [
              {
                "gateway_load_balancer_frontend_ip_configuration_id": "",
                "id": "/subscriptions/b851d0d9-9a10-4098-9269-35e85eb3a698/resourceGroups/rsg-thiagopontes/providers/Microsoft.Network/loadBalancers/FGT-Customer-ExternalLoadBalancer/frontendIPConfigurations/FGT-Customer-ELB-FortinetExternalSubnet-FrontEnd",
                "inbound_nat_rules": [],
                "load_balancer_rules": [
                  "/subscriptions/b851d0d9-9a10-4098-9269-35e85eb3a698/resourceGroups/rsg-thiagopontes/providers/Microsoft.Network/loadBalancers/FGT-Customer-ExternalLoadBalancer/loadBalancingRules/PublicLBRule-FE1-http",
                  "/subscriptions/b851d0d9-9a10-4098-9269-35e85eb3a698/resourceGroups/rsg-thiagopontes/providers/Microsoft.Network/loadBalancers/FGT-Customer-ExternalLoadBalancer/loadBalancingRules/PublicLBRule-FE1-udp10551"
                ],
                "name": "FGT-Customer-ELB-FortinetExternalSubnet-FrontEnd",
                "outbound_rules": [],
                "private_ip_address": "",
                "private_ip_address_allocation": "Dynamic",
                "private_ip_address_version": "",
                "public_ip_address_id": "/subscriptions/b851d0d9-9a10-4098-9269-35e85eb3a698/resourceGroups/rsg-thiagopontes/providers/Microsoft.Network/publicIPAddresses/FGT-Customer-FGT-PIP",
                "public_ip_prefix_id": "",
                "subnet_id": "",
                "zones": []
              }
            ],
            "id": "/subscriptions/b851d0d9-9a10-4098-9269-35e85eb3a698/resourceGroups/rsg-thiagopontes/providers/Microsoft.Network/loadBalancers/FGT-Customer-ExternalLoadBalancer",
            "location": "eastus",
            "name": "FGT-Customer-ExternalLoadBalancer",
            "private_ip_address": "",
            "private_ip_addresses": [],
            "resource_group_name": "rsg-thiagopontes",
            "sku": "Standard",
            "sku_tier": "Regional",
            "tags": {
              "provider": "6EB3B02F-50E5-4A3E-8CB8-2E12925831AP"
            },
            "timeouts": null
          },
          "sensitive_attributes": [],
          "private": "eyJlMmJmYjczMC1lY2FhLTExZTYtOGY4OC0zNDM2M2JjN2M0YzAiOnsiY3JlYXRlIjoxODAwMDAwMDAwMDAwLCJkZWxldGUiOjE4MDAwMDAwMDAwMDAsInJlYWQiOjMwMDAwMDAwMDAwMCwidXBkYXRlIjoxODAwMDAwMDAwMDAwfX0=",
          "dependencies": [
            "azurerm_public_ip.ClusterPublicIP",
            "azurerm_resource_group.res-0"
          ]
        }
      ]
    },
    {
      "mode": "managed",
      "type": "azurerm_lb",
      "name": "internalLB",
      "provider": "provider[\"registry.terraform.io/hashicorp/azurerm\"]",
      "instances": [
        {
          "schema_version": 0,
          "attributes": {
            "edge_zone": "",
            "frontend_ip_configuration": [
              {
                "gateway_load_balancer_frontend_ip_configuration_id": "",
                "id": "/subscriptions/b851d0d9-9a10-4098-9269-35e85eb3a698/resourceGroups/rsg-thiagopontes/providers/Microsoft.Network/loadBalancers/FGT-Customer-InternalLoadBalancer/frontendIPConfigurations/FGT-Customer-ILB-FortinetInternalSubnet-FrontEnd",
                "inbound_nat_rules": [],
                "load_balancer_rules": [
                  "/subscriptions/b851d0d9-9a10-4098-9269-35e85eb3a698/resourceGroups/rsg-thiagopontes/providers/Microsoft.Network/loadBalancers/FGT-Customer-InternalLoadBalancer/loadBalancingRules/lbruleFE2all"
                ],
                "name": "FGT-Customer-ILB-FortinetInternalSubnet-FrontEnd",
                "outbound_rules": [],
                "private_ip_address": "172.18.10.68",
                "private_ip_address_allocation": "Dynamic",
                "private_ip_address_version": "IPv4",
                "public_ip_address_id": "",
                "public_ip_prefix_id": "",
                "subnet_id": "/subscriptions/b851d0d9-9a10-4098-9269-35e85eb3a698/resourceGroups/rsg-thiagopontes/providers/Microsoft.Network/virtualNetworks/Vnet-Customer-Sdwan/subnets/FortinetInternalSubnet",
                "zones": []
              }
            ],
            "id": "/subscriptions/b851d0d9-9a10-4098-9269-35e85eb3a698/resourceGroups/rsg-thiagopontes/providers/Microsoft.Network/loadBalancers/FGT-Customer-InternalLoadBalancer",
            "location": "eastus",
            "name": "FGT-Customer-InternalLoadBalancer",
            "private_ip_address": "172.18.10.68",
            "private_ip_addresses": [
              "172.18.10.68"
            ],
            "resource_group_name": "rsg-thiagopontes",
            "sku": "Standard",
            "sku_tier": "Regional",
            "tags": {
              "provider": "6EB3B02F-50E5-4A3E-8CB8-2E12925831AP"
            },
            "timeouts": null
          },
          "sensitive_attributes": [],
          "private": "eyJlMmJmYjczMC1lY2FhLTExZTYtOGY4OC0zNDM2M2JjN2M0YzAiOnsiY3JlYXRlIjoxODAwMDAwMDAwMDAwLCJkZWxldGUiOjE4MDAwMDAwMDAwMDAsInJlYWQiOjMwMDAwMDAwMDAwMCwidXBkYXRlIjoxODAwMDAwMDAwMDAwfX0=",
          "dependencies": [
            "azurerm_resource_group.res-0",
            "azurerm_subnet.privatesubnet",
            "azurerm_virtual_network.res-40"
          ]
        }
      ]
    },
    {
      "mode": "managed",
      "type": "azurerm_lb_backend_address_pool",
      "name": "res-10",
      "provider": "provider[\"registry.terraform.io/hashicorp/azurerm\"]",
      "instances": [
        {
          "schema_version": 0,
          "attributes": {
            "backend_ip_configurations": [
              "/subscriptions/b851d0d9-9a10-4098-9269-35e85eb3a698/resourceGroups/rsg-thiagopontes/providers/Microsoft.Network/networkInterfaces/FGT-Customer01-Nic2/ipConfigurations/ipconfig1",
              "/subscriptions/b851d0d9-9a10-4098-9269-35e85eb3a698/resourceGroups/rsg-thiagopontes/providers/Microsoft.Network/networkInterfaces/FGT-Customer02-Nic2/ipConfigurations/ipconfig1"
            ],
            "id": "/subscriptions/b851d0d9-9a10-4098-9269-35e85eb3a698/resourceGroups/rsg-thiagopontes/providers/Microsoft.Network/loadBalancers/FGT-Customer-InternalLoadBalancer/backendAddressPools/FGT-Customer-ILB-FortinetInternalSubnet-BackEnd",
            "inbound_nat_rules": [],
            "load_balancing_rules": [
              "/subscriptions/b851d0d9-9a10-4098-9269-35e85eb3a698/resourceGroups/rsg-thiagopontes/providers/Microsoft.Network/loadBalancers/FGT-Customer-InternalLoadBalancer/loadBalancingRules/lbruleFE2all"
            ],
            "loadbalancer_id": "/subscriptions/b851d0d9-9a10-4098-9269-35e85eb3a698/resourceGroups/rsg-thiagopontes/providers/Microsoft.Network/loadBalancers/FGT-Customer-InternalLoadBalancer",
            "name": "FGT-Customer-ILB-FortinetInternalSubnet-BackEnd",
            "outbound_rules": [],
            "timeouts": null,
            "tunnel_interface": [],
            "virtual_network_id": ""
          },
          "sensitive_attributes": [],
          "private": "eyJlMmJmYjczMC1lY2FhLTExZTYtOGY4OC0zNDM2M2JjN2M0YzAiOnsiY3JlYXRlIjoxODAwMDAwMDAwMDAwLCJkZWxldGUiOjE4MDAwMDAwMDAwMDAsInJlYWQiOjMwMDAwMDAwMDAwMCwidXBkYXRlIjoxODAwMDAwMDAwMDAwfX0=",
          "dependencies": [
            "azurerm_lb.internalLB",
            "azurerm_resource_group.res-0",
            "azurerm_subnet.privatesubnet",
            "azurerm_virtual_network.res-40"
          ]
        }
      ]
    },
    {
      "mode": "managed",
      "type": "azurerm_lb_backend_address_pool",
      "name": "res-8",
      "provider": "provider[\"registry.terraform.io/hashicorp/azurerm\"]",
      "instances": [
        {
          "schema_version": 0,
          "attributes": {
            "backend_ip_configurations": [
              "/subscriptions/b851d0d9-9a10-4098-9269-35e85eb3a698/resourceGroups/rsg-thiagopontes/providers/Microsoft.Network/networkInterfaces/FGT-Customer02-Nic1/ipConfigurations/ipconfig1",
              "/subscriptions/b851d0d9-9a10-4098-9269-35e85eb3a698/resourceGroups/rsg-thiagopontes/providers/Microsoft.Network/networkInterfaces/FGT-Customer01-Nic1/ipConfigurations/ipconfig1"
            ],
            "id": "/subscriptions/b851d0d9-9a10-4098-9269-35e85eb3a698/resourceGroups/rsg-thiagopontes/providers/Microsoft.Network/loadBalancers/FGT-Customer-ExternalLoadBalancer/backendAddressPools/FGT-Customer-ELB-FortinetExternalSubnet-BackEnd",
            "inbound_nat_rules": [],
            "load_balancing_rules": [
              "/subscriptions/b851d0d9-9a10-4098-9269-35e85eb3a698/resourceGroups/rsg-thiagopontes/providers/Microsoft.Network/loadBalancers/FGT-Customer-ExternalLoadBalancer/loadBalancingRules/PublicLBRule-FE1-udp10551",
              "/subscriptions/b851d0d9-9a10-4098-9269-35e85eb3a698/resourceGroups/rsg-thiagopontes/providers/Microsoft.Network/loadBalancers/FGT-Customer-ExternalLoadBalancer/loadBalancingRules/PublicLBRule-FE1-http"
            ],
            "loadbalancer_id": "/subscriptions/b851d0d9-9a10-4098-9269-35e85eb3a698/resourceGroups/rsg-thiagopontes/providers/Microsoft.Network/loadBalancers/FGT-Customer-ExternalLoadBalancer",
            "name": "FGT-Customer-ELB-FortinetExternalSubnet-BackEnd",
            "outbound_rules": [],
            "timeouts": null,
            "tunnel_interface": [],
            "virtual_network_id": ""
          },
          "sensitive_attributes": [],
          "private": "eyJlMmJmYjczMC1lY2FhLTExZTYtOGY4OC0zNDM2M2JjN2M0YzAiOnsiY3JlYXRlIjoxODAwMDAwMDAwMDAwLCJkZWxldGUiOjE4MDAwMDAwMDAwMDAsInJlYWQiOjMwMDAwMDAwMDAwMCwidXBkYXRlIjoxODAwMDAwMDAwMDAwfX0=",
          "dependencies": [
            "azurerm_lb.externalLB",
            "azurerm_public_ip.ClusterPublicIP",
            "azurerm_resource_group.res-0"
          ]
        }
      ]
    },
    {
      "mode": "managed",
      "type": "azurerm_lb_probe",
      "name": "externalLB-rule-probe",
      "provider": "provider[\"registry.terraform.io/hashicorp/azurerm\"]",
      "instances": [
        {
          "schema_version": 0,
          "attributes": {
            "id": "/subscriptions/b851d0d9-9a10-4098-9269-35e85eb3a698/resourceGroups/rsg-thiagopontes/providers/Microsoft.Network/loadBalancers/FGT-Customer-ExternalLoadBalancer/probes/lbprobe",
            "interval_in_seconds": 15,
            "load_balancer_rules": [
              "/subscriptions/b851d0d9-9a10-4098-9269-35e85eb3a698/resourceGroups/rsg-thiagopontes/providers/Microsoft.Network/loadBalancers/FGT-Customer-ExternalLoadBalancer/loadBalancingRules/PublicLBRule-FE1-http",
              "/subscriptions/b851d0d9-9a10-4098-9269-35e85eb3a698/resourceGroups/rsg-thiagopontes/providers/Microsoft.Network/loadBalancers/FGT-Customer-ExternalLoadBalancer/loadBalancingRules/PublicLBRule-FE1-udp10551"
            ],
            "loadbalancer_id": "/subscriptions/b851d0d9-9a10-4098-9269-35e85eb3a698/resourceGroups/rsg-thiagopontes/providers/Microsoft.Network/loadBalancers/FGT-Customer-ExternalLoadBalancer",
            "name": "lbprobe",
            "number_of_probes": 2,
            "port": 8008,
            "probe_threshold": 1,
            "protocol": "Tcp",
            "request_path": "",
            "timeouts": null
          },
          "sensitive_attributes": [],
          "private": "eyJlMmJmYjczMC1lY2FhLTExZTYtOGY4OC0zNDM2M2JjN2M0YzAiOnsiY3JlYXRlIjoxODAwMDAwMDAwMDAwLCJkZWxldGUiOjE4MDAwMDAwMDAwMDAsInJlYWQiOjMwMDAwMDAwMDAwMCwidXBkYXRlIjoxODAwMDAwMDAwMDAwfX0=",
          "dependencies": [
            "azurerm_lb.externalLB",
            "azurerm_public_ip.ClusterPublicIP",
            "azurerm_resource_group.res-0"
          ]
        }
      ]
    },
    {
      "mode": "managed",
      "type": "azurerm_lb_probe",
      "name": "internalLB-rule-probe",
      "provider": "provider[\"registry.terraform.io/hashicorp/azurerm\"]",
      "instances": [
        {
          "schema_version": 0,
          "attributes": {
            "id": "/subscriptions/b851d0d9-9a10-4098-9269-35e85eb3a698/resourceGroups/rsg-thiagopontes/providers/Microsoft.Network/loadBalancers/FGT-Customer-InternalLoadBalancer/probes/lbprobe",
            "interval_in_seconds": 15,
            "load_balancer_rules": [
              "/subscriptions/b851d0d9-9a10-4098-9269-35e85eb3a698/resourceGroups/rsg-thiagopontes/providers/Microsoft.Network/loadBalancers/FGT-Customer-InternalLoadBalancer/loadBalancingRules/lbruleFE2all"
            ],
            "loadbalancer_id": "/subscriptions/b851d0d9-9a10-4098-9269-35e85eb3a698/resourceGroups/rsg-thiagopontes/providers/Microsoft.Network/loadBalancers/FGT-Customer-InternalLoadBalancer",
            "name": "lbprobe",
            "number_of_probes": 2,
            "port": 8008,
            "probe_threshold": 1,
            "protocol": "Tcp",
            "request_path": "",
            "timeouts": null
          },
          "sensitive_attributes": [],
          "private": "eyJlMmJmYjczMC1lY2FhLTExZTYtOGY4OC0zNDM2M2JjN2M0YzAiOnsiY3JlYXRlIjoxODAwMDAwMDAwMDAwLCJkZWxldGUiOjE4MDAwMDAwMDAwMDAsInJlYWQiOjMwMDAwMDAwMDAwMCwidXBkYXRlIjoxODAwMDAwMDAwMDAwfX0=",
          "dependencies": [
            "azurerm_lb.internalLB",
            "azurerm_resource_group.res-0",
            "azurerm_subnet.privatesubnet",
            "azurerm_virtual_network.res-40"
          ]
        }
      ]
    },
    {
      "mode": "managed",
      "type": "azurerm_lb_rule",
      "name": "externalLB-rule",
      "provider": "provider[\"registry.terraform.io/hashicorp/azurerm\"]",
      "instances": [
        {
          "schema_version": 0,
          "attributes": {
            "backend_address_pool_ids": [
              "/subscriptions/b851d0d9-9a10-4098-9269-35e85eb3a698/resourceGroups/rsg-thiagopontes/providers/Microsoft.Network/loadBalancers/FGT-Customer-ExternalLoadBalancer/backendAddressPools/FGT-Customer-ELB-FortinetExternalSubnet-BackEnd"
            ],
            "backend_port": 80,
            "disable_outbound_snat": false,
            "enable_floating_ip": false,
            "enable_tcp_reset": false,
            "frontend_ip_configuration_id": "/subscriptions/b851d0d9-9a10-4098-9269-35e85eb3a698/resourceGroups/rsg-thiagopontes/providers/Microsoft.Network/loadBalancers/FGT-Customer-ExternalLoadBalancer/frontendIPConfigurations/FGT-Customer-ELB-FortinetExternalSubnet-FrontEnd",
            "frontend_ip_configuration_name": "FGT-Customer-ELB-FortinetExternalSubnet-FrontEnd",
            "frontend_port": 80,
            "id": "/subscriptions/b851d0d9-9a10-4098-9269-35e85eb3a698/resourceGroups/rsg-thiagopontes/providers/Microsoft.Network/loadBalancers/FGT-Customer-ExternalLoadBalancer/loadBalancingRules/PublicLBRule-FE1-http",
            "idle_timeout_in_minutes": 4,
            "load_distribution": "Default",
            "loadbalancer_id": "/subscriptions/b851d0d9-9a10-4098-9269-35e85eb3a698/resourceGroups/rsg-thiagopontes/providers/Microsoft.Network/loadBalancers/FGT-Customer-ExternalLoadBalancer",
            "name": "PublicLBRule-FE1-http",
            "probe_id": "/subscriptions/b851d0d9-9a10-4098-9269-35e85eb3a698/resourceGroups/rsg-thiagopontes/providers/Microsoft.Network/loadBalancers/FGT-Customer-ExternalLoadBalancer/probes/lbprobe",
            "protocol": "Tcp",
            "timeouts": null
          },
          "sensitive_attributes": [],
          "private": "eyJlMmJmYjczMC1lY2FhLTExZTYtOGY4OC0zNDM2M2JjN2M0YzAiOnsiY3JlYXRlIjoxODAwMDAwMDAwMDAwLCJkZWxldGUiOjE4MDAwMDAwMDAwMDAsInJlYWQiOjMwMDAwMDAwMDAwMCwidXBkYXRlIjoxODAwMDAwMDAwMDAwfX0=",
          "dependencies": [
            "azurerm_lb.externalLB",
            "azurerm_lb_backend_address_pool.res-8",
            "azurerm_lb_probe.externalLB-rule-probe",
            "azurerm_public_ip.ClusterPublicIP",
            "azurerm_resource_group.res-0"
          ]
        }
      ]
    },
    {
      "mode": "managed",
      "type": "azurerm_lb_rule",
      "name": "externalLB-rule-2",
      "provider": "provider[\"registry.terraform.io/hashicorp/azurerm\"]",
      "instances": [
        {
          "schema_version": 0,
          "attributes": {
            "backend_address_pool_ids": [
              "/subscriptions/b851d0d9-9a10-4098-9269-35e85eb3a698/resourceGroups/rsg-thiagopontes/providers/Microsoft.Network/loadBalancers/FGT-Customer-ExternalLoadBalancer/backendAddressPools/FGT-Customer-ELB-FortinetExternalSubnet-BackEnd"
            ],
            "backend_port": 10551,
            "disable_outbound_snat": false,
            "enable_floating_ip": false,
            "enable_tcp_reset": false,
            "frontend_ip_configuration_id": "/subscriptions/b851d0d9-9a10-4098-9269-35e85eb3a698/resourceGroups/rsg-thiagopontes/providers/Microsoft.Network/loadBalancers/FGT-Customer-ExternalLoadBalancer/frontendIPConfigurations/FGT-Customer-ELB-FortinetExternalSubnet-FrontEnd",
            "frontend_ip_configuration_name": "FGT-Customer-ELB-FortinetExternalSubnet-FrontEnd",
            "frontend_port": 10551,
            "id": "/subscriptions/b851d0d9-9a10-4098-9269-35e85eb3a698/resourceGroups/rsg-thiagopontes/providers/Microsoft.Network/loadBalancers/FGT-Customer-ExternalLoadBalancer/loadBalancingRules/PublicLBRule-FE1-udp10551",
            "idle_timeout_in_minutes": 4,
            "load_distribution": "Default",
            "loadbalancer_id": "/subscriptions/b851d0d9-9a10-4098-9269-35e85eb3a698/resourceGroups/rsg-thiagopontes/providers/Microsoft.Network/loadBalancers/FGT-Customer-ExternalLoadBalancer",
            "name": "PublicLBRule-FE1-udp10551",
            "probe_id": "/subscriptions/b851d0d9-9a10-4098-9269-35e85eb3a698/resourceGroups/rsg-thiagopontes/providers/Microsoft.Network/loadBalancers/FGT-Customer-ExternalLoadBalancer/probes/lbprobe",
            "protocol": "Udp",
            "timeouts": null
          },
          "sensitive_attributes": [],
          "private": "eyJlMmJmYjczMC1lY2FhLTExZTYtOGY4OC0zNDM2M2JjN2M0YzAiOnsiY3JlYXRlIjoxODAwMDAwMDAwMDAwLCJkZWxldGUiOjE4MDAwMDAwMDAwMDAsInJlYWQiOjMwMDAwMDAwMDAwMCwidXBkYXRlIjoxODAwMDAwMDAwMDAwfX0=",
          "dependencies": [
            "azurerm_lb.externalLB",
            "azurerm_lb_backend_address_pool.res-8",
            "azurerm_lb_probe.externalLB-rule-probe",
            "azurerm_public_ip.ClusterPublicIP",
            "azurerm_resource_group.res-0"
          ]
        }
      ]
    },
    {
      "mode": "managed",
      "type": "azurerm_lb_rule",
      "name": "internalLB-rule",
      "provider": "provider[\"registry.terraform.io/hashicorp/azurerm\"]",
      "instances": [
        {
          "schema_version": 0,
          "attributes": {
            "backend_address_pool_ids": [
              "/subscriptions/b851d0d9-9a10-4098-9269-35e85eb3a698/resourceGroups/rsg-thiagopontes/providers/Microsoft.Network/loadBalancers/FGT-Customer-InternalLoadBalancer/backendAddressPools/FGT-Customer-ILB-FortinetInternalSubnet-BackEnd"
            ],
            "backend_port": 0,
            "disable_outbound_snat": false,
            "enable_floating_ip": false,
            "enable_tcp_reset": false,
            "frontend_ip_configuration_id": "/subscriptions/b851d0d9-9a10-4098-9269-35e85eb3a698/resourceGroups/rsg-thiagopontes/providers/Microsoft.Network/loadBalancers/FGT-Customer-InternalLoadBalancer/frontendIPConfigurations/FGT-Customer-ILB-FortinetInternalSubnet-FrontEnd",
            "frontend_ip_configuration_name": "FGT-Customer-ILB-FortinetInternalSubnet-FrontEnd",
            "frontend_port": 0,
            "id": "/subscriptions/b851d0d9-9a10-4098-9269-35e85eb3a698/resourceGroups/rsg-thiagopontes/providers/Microsoft.Network/loadBalancers/FGT-Customer-InternalLoadBalancer/loadBalancingRules/lbruleFE2all",
            "idle_timeout_in_minutes": 4,
            "load_distribution": "Default",
            "loadbalancer_id": "/subscriptions/b851d0d9-9a10-4098-9269-35e85eb3a698/resourceGroups/rsg-thiagopontes/providers/Microsoft.Network/loadBalancers/FGT-Customer-InternalLoadBalancer",
            "name": "lbruleFE2all",
            "probe_id": "/subscriptions/b851d0d9-9a10-4098-9269-35e85eb3a698/resourceGroups/rsg-thiagopontes/providers/Microsoft.Network/loadBalancers/FGT-Customer-InternalLoadBalancer/probes/lbprobe",
            "protocol": "All",
            "timeouts": null
          },
          "sensitive_attributes": [],
          "private": "eyJlMmJmYjczMC1lY2FhLTExZTYtOGY4OC0zNDM2M2JjN2M0YzAiOnsiY3JlYXRlIjoxODAwMDAwMDAwMDAwLCJkZWxldGUiOjE4MDAwMDAwMDAwMDAsInJlYWQiOjMwMDAwMDAwMDAwMCwidXBkYXRlIjoxODAwMDAwMDAwMDAwfX0=",
          "dependencies": [
            "azurerm_lb.internalLB",
            "azurerm_lb_backend_address_pool.res-10",
            "azurerm_lb_probe.internalLB-rule-probe",
            "azurerm_resource_group.res-0",
            "azurerm_subnet.privatesubnet",
            "azurerm_virtual_network.res-40"
          ]
        }
      ]
    },
    {
      "mode": "managed",
      "type": "azurerm_linux_virtual_machine",
      "name": "activefgtvm",
      "provider": "provider[\"registry.terraform.io/hashicorp/azurerm\"]",
      "instances": [
        {
          "schema_version": 0,
          "attributes": {
            "additional_capabilities": [],
            "admin_password": "Passw0rd",
            "admin_ssh_key": [],
            "admin_username": "tsp",
            "allow_extension_operations": true,
            "availability_set_id": "",
            "boot_diagnostics": [
              {
                "storage_account_uri": ""
              }
            ],
            "bypass_platform_safety_checks_on_user_schedule_enabled": false,
            "capacity_reservation_group_id": "",
            "computer_name": "FGT-Customer01",
            "custom_data": "Q29udGVudC1UeXBlOiBtdWx0aXBhcnQvbWl4ZWQ7IGJvdW5kYXJ5PSI9PUFaVVJFPT0iCk1JTUUtVmVyc2lvbjogMS4wCgotLT09QVpVUkU9PQpDb250ZW50LVR5cGU6IHRleHQveC1zaGVsbHNjcmlwdDsgY2hhcnNldD0idXMtYXNjaWkiCk1JTUUtVmVyc2lvbjogMS4wCgpjb25maWcgc3lzdGVtIGdsb2JhbApzZXQgaG9zdG5hbWUgRkdULUFQLVNETi1BY3RpdmUKc2V0IGFkbWluLXNwb3J0IDg0NDMKZW5kCmNvbmZpZyBzeXN0ZW0gaW50ZXJmYWNlCmVkaXQgcG9ydDEKc2V0IGFsaWFzIHVudHJ1c3QKc2V0IG1vZGUgc3RhdGljCnNldCBpcCAxNzIuMTguMTAuNCAyNTUuMjU1LjI1NS4xOTIKc2V0IGFsbG93YWNjZXNzIHBpbmcgaHR0cHMgc3NoIGZnZm0KbmV4dAplZGl0IHBvcnQyCnNldCBhbGlhcyB0cnVzdApzZXQgbW9kZSBzdGF0aWMKc2V0IGlwIDE3Mi4xOC4xMC42OSAyNTUuMjU1LjI1NS4xOTIKc2V0IGFsbG93YWNjZXNzIHBpbmcgaHR0cHMgc3NoIGZnZm0KbmV4dAplbmQKY29uZmlnIHN5c3RlbSBpbnRlcmZhY2UKZWRpdCBwb3J0MwpzZXQgYWxpYXMgaGFzeW5jCnNldCBtb2RlIHN0YXRpYwpzZXQgaXAgMTcyLjE4LjEwLjE5NiAyNTUuMjU1LjI1NS4xOTIKc2V0IGFsbG93YWNjZXNzIHBpbmcgaHR0cHMgc3NoIGZnZm0KbmV4dApjb25maWcgc3lzdGVtIGludGVyZmFjZQplZGl0IHBvcnQ0CnNldCBhbGlhcyBoYW1nbXQKc2V0IG1vZGUgc3RhdGljCnNldCBpcCAxNzIuMTguMTAuMTMzIDI1NS4yNTUuMjU1LjE5MgpzZXQgYWxsb3dhY2Nlc3MgcGluZyBodHRwcyBzc2ggZmdmbQpuZXh0CmVuZApjb25maWcgc3lzIGhhCnNldCBncm91cC1uYW1lIEF6dXJlLUhBCnNldCBwcmlvcml0eSAyNTUKc2V0IG1vZGUgYS1wCnNldCBoYmRldiBwb3J0MyAxMDAKc2V0IHNlc3Npb24tcGlja3VwIGVuYWJsZQpzZXQgaGEtbWdtdC1zdGF0dXMgZW5hYmxlCmNvbmZpZyAgaGEtbWdtdC1pbnRlcmZhY2VzCmVkaXQgMQpzZXQgaW50ZXJmYWNlIHBvcnQ0CnNldCBnYXRld2F5IDE3Mi4xOC4xMC4xMjkKbmV4dAplbmQKc2V0IG92ZXJyaWRlIGRpc2FibGUKc2V0IHByaW9yaXR5IDI1NQpzZXQgdW5pY2FzdC1oYiBlbmFibGUKc2V0IHVuaWNhc3QtaGItcGVlcmlwIDE3Mi4xOC4xMC4xOTcKZW5kCmNvbmZpZyByb3V0ZXIgc3RhdGljCmVkaXQgMQpzZXQgZGV2aWNlIHBvcnQxCnNldCBnYXRld2F5IDE3Mi4xOC4xMC4xCm5leHQKZW5kCmNvbmZpZyBzeXMgc2RuLWNvbm5lY3RvcgplZGl0ICJhenVyZXNkbiIKc2V0IHR5cGUgYXp1cmUKc2V0IGhhLXN0YXR1cyBlbmFibGUKc2V0IHVzZS1tZXRhZGF0YS1pYW0gZGlzYWJsZQpzZXQgdGVuYW50LWlkIDk0MmI4MGNkLTFiMTQtNDJhMS04ZGNmLTRiMjFkZWNlNjFiYQpzZXQgc3Vic2NyaXB0aW9uLWlkIGNmNzI0NzhlLWMzYjAtNDA3Mi04ZjYwLTQxZDAzN2MxZDllOQpzZXQgY2xpZW50LWlkIDllNmYzMmVkLWE4NmMtNDM0Ni04ZDI1LTAzYTA5NTIxYTZiYwpzZXQgY2xpZW50LXNlY3JldCBTRnc4UX41TnQwWGMuREdESGNiRkFLb1ZIWFItb2x6bnc0QlVsY2RwCnNldCByZXNvdXJjZS1ncm91cCByc2ctdGhpYWdvcG9udGVzCmNvbmZpZyBuaWMKZWRpdCBhY3RpdmVwb3J0MQpjb25maWcgaXAKZWRpdCBpcGNvbmZpZzEKc2V0IHB1YmxpYy1pcCBGR1QtQ3VzdG9tZXItRkdULVBJUApuZXh0CmVuZApuZXh0CmVuZApjb25maWcgcm91dGUtdGFibGUKZWRpdCBJbnRlcm5hbFJvdXRlVGFibGUxCmNvbmZpZyByb3V0ZQplZGl0IGRlZmF1bHQKc2V0IG5leHQtaG9wIDE3Mi4xOC4xMC4xOTYKbmV4dAplbmQKbmV4dAplbmQKZW5kCgoKLS09PUFaVVJFPT0KQ29udGVudC1UeXBlOiB0ZXh0L3BsYWluOyBjaGFyc2V0PSJ1cy1hc2NpaSIKTUlNRS1WZXJzaW9uOiAxLjAKQ29udGVudC1UcmFuc2Zlci1FbmNvZGluZzogN2JpdApDb250ZW50LURpc3Bvc2l0aW9uOiBhdHRhY2htZW50OyBmaWxlbmFtZT0ibGljZW5zZSIKCkxJQ0VOU0UtVE9LRU46MDU0RDcxQ0U3OUI3OUFERjZEMTIKCgotLT09QVpVUkU9PS0tCg==",
            "dedicated_host_group_id": "",
            "dedicated_host_id": "",
            "disable_password_authentication": false,
            "disk_controller_type": "",
            "edge_zone": "",
            "encryption_at_host_enabled": false,
            "eviction_policy": "",
            "extensions_time_budget": "PT1H30M",
            "gallery_application": [],
            "id": "/subscriptions/b851d0d9-9a10-4098-9269-35e85eb3a698/resourceGroups/rsg-thiagopontes/providers/Microsoft.Compute/virtualMachines/FGT-Customer01",
            "identity": [
              {
                "identity_ids": null,
                "principal_id": "6e6ccfa4-4cef-4e84-a1f8-2506357ebe29",
                "tenant_id": "942b80cd-1b14-42a1-8dcf-4b21dece61ba",
                "type": "SystemAssigned"
              }
            ],
            "license_type": "",
            "location": "eastus",
            "max_bid_price": -1,
            "name": "FGT-Customer01",
            "network_interface_ids": [
              "/subscriptions/b851d0d9-9a10-4098-9269-35e85eb3a698/resourceGroups/rsg-thiagopontes/providers/Microsoft.Network/networkInterfaces/FGT-Customer01-Nic1",
              "/subscriptions/b851d0d9-9a10-4098-9269-35e85eb3a698/resourceGroups/rsg-thiagopontes/providers/Microsoft.Network/networkInterfaces/FGT-Customer01-Nic2",
              "/subscriptions/b851d0d9-9a10-4098-9269-35e85eb3a698/resourceGroups/rsg-thiagopontes/providers/Microsoft.Network/networkInterfaces/FGT-Customer01-Nic3",
              "/subscriptions/b851d0d9-9a10-4098-9269-35e85eb3a698/resourceGroups/rsg-thiagopontes/providers/Microsoft.Network/networkInterfaces/FGT-Customer01-Nic4"
            ],
            "os_disk": [
              {
                "caching": "ReadWrite",
                "diff_disk_settings": [],
                "disk_encryption_set_id": "",
                "disk_size_gb": 2,
                "name": "FGT-Customer01_OsDisk_1_095f66aa2d154aeb9d16ebd525ddfea5",
                "secure_vm_disk_encryption_set_id": "",
                "security_encryption_type": "",
                "storage_account_type": "Premium_LRS",
                "write_accelerator_enabled": false
              }
            ],
            "os_image_notification": [],
            "patch_assessment_mode": "ImageDefault",
            "patch_mode": "ImageDefault",
            "plan": [
              {
                "name": "fortinet_fg-vm",
                "product": "fortinet_fortigate-vm_v5",
                "publisher": "fortinet"
              }
            ],
            "platform_fault_domain": -1,
            "priority": "Regular",
            "private_ip_address": "172.18.10.4",
            "private_ip_addresses": [
              "172.18.10.4",
              "172.18.10.69",
              "172.18.10.196",
              "172.18.10.133"
            ],
            "provision_vm_agent": true,
            "proximity_placement_group_id": "",
            "public_ip_address": "4.255.16.193",
            "public_ip_addresses": [
              "4.255.16.193"
            ],
            "reboot_setting": "",
            "resource_group_name": "rsg-thiagopontes",
            "secret": [],
            "secure_boot_enabled": false,
            "size": "Standard_DS4_v2",
            "source_image_id": "",
            "source_image_reference": [
              {
                "offer": "fortinet_fortigate-vm_v5",
                "publisher": "fortinet",
                "sku": "fortinet_fg-vm",
                "version": "7.0.11"
              }
            ],
            "tags": {
              "provider": "6EB3B02F-50E5-4A3E-8CB8-2E12925831AP"
            },
            "termination_notification": null,
            "timeouts": null,
            "user_data": "",
            "virtual_machine_id": "a13960ba-eef1-41a7-8de8-d32ba1830f15",
            "virtual_machine_scale_set_id": "",
            "vm_agent_platform_updates_enabled": false,
            "vtpm_enabled": false,
            "zone": "1"
          },
          "sensitive_attributes": [],
          "private": "eyJlMmJmYjczMC1lY2FhLTExZTYtOGY4OC0zNDM2M2JjN2M0YzAiOnsiY3JlYXRlIjoyNzAwMDAwMDAwMDAwLCJkZWxldGUiOjI3MDAwMDAwMDAwMDAsInJlYWQiOjMwMDAwMDAwMDAwMCwidXBkYXRlIjoyNzAwMDAwMDAwMDAwfX0=",
          "dependencies": [
            "azurerm_network_interface.activeport1",
            "azurerm_network_interface.activeport2",
            "azurerm_network_interface.activeport3",
            "azurerm_network_interface.activeport4",
            "azurerm_public_ip.ActiveMGMTIP",
            "azurerm_public_ip.ClusterPublicIP",
            "azurerm_resource_group.res-0",
            "azurerm_route_table.internal",
            "azurerm_subnet.hasyncsubnet",
            "azurerm_subnet.mgmtsubnet",
            "azurerm_subnet.privatesubnet",
            "azurerm_subnet.publicsubnet",
            "azurerm_virtual_network.res-40"
          ]
        }
      ]
    },
    {
      "mode": "managed",
      "type": "azurerm_linux_virtual_machine",
      "name": "passivefgtvm",
      "provider": "provider[\"registry.terraform.io/hashicorp/azurerm\"]",
      "instances": [
        {
          "schema_version": 0,
          "attributes": {
            "additional_capabilities": [],
            "admin_password": "Passw0rd",
            "admin_ssh_key": [],
            "admin_username": "tsp",
            "allow_extension_operations": true,
            "availability_set_id": "",
            "boot_diagnostics": [
              {
                "storage_account_uri": ""
              }
            ],
            "bypass_platform_safety_checks_on_user_schedule_enabled": false,
            "capacity_reservation_group_id": "",
            "computer_name": "FGT-Customer02",
            "custom_data": "Q29udGVudC1UeXBlOiBtdWx0aXBhcnQvbWl4ZWQ7IGJvdW5kYXJ5PSI9PUFaVVJFPT0iCk1JTUUtVmVyc2lvbjogMS4wCgotLT09QVpVUkU9PQpDb250ZW50LVR5cGU6IHRleHQveC1zaGVsbHNjcmlwdDsgY2hhcnNldD0idXMtYXNjaWkiCk1JTUUtVmVyc2lvbjogMS4wCgpjb25maWcgc3lzdGVtIGdsb2JhbApzZXQgaG9zdG5hbWUgRkdULUFQLVNETi1QYXNzaXZlCnNldCBhZG1pbi1zcG9ydCA4NDQzCmVuZApjb25maWcgc3lzdGVtIGludGVyZmFjZQplZGl0IHBvcnQxCnNldCBhbGlhcyB1bnRydXN0CnNldCBtb2RlIHN0YXRpYwpzZXQgaXAgMTcyLjE4LjEwLjUgMjU1LjI1NS4yNTUuMTkyCnNldCBhbGxvd2FjY2VzcyBwaW5nIGh0dHBzIHNzaCBmZ2ZtCm5leHQKZWRpdCBwb3J0MgpzZXQgYWxpYXMgdHJ1c3QKc2V0IG1vZGUgc3RhdGljCnNldCBpcCAxNzIuMTguMTAuNzAgMjU1LjI1NS4yNTUuMTkyCnNldCBhbGxvd2FjY2VzcyBwaW5nIGh0dHBzIHNzaCBmZ2ZtCm5leHQKZW5kCmNvbmZpZyBzeXN0ZW0gaW50ZXJmYWNlCmVkaXQgcG9ydDMKc2V0IGFsaWFzIGhhc3luYwpzZXQgbW9kZSBzdGF0aWMKc2V0IGlwIDE3Mi4xOC4xMC4xOTcgMjU1LjI1NS4yNTUuMTkyCnNldCBhbGxvd2FjY2VzcyBwaW5nIGh0dHBzIHNzaCBmZ2ZtCm5leHQKY29uZmlnIHN5c3RlbSBpbnRlcmZhY2UKZWRpdCBwb3J0NApzZXQgYWxpYXMgaGFtZ210CnNldCBtb2RlIHN0YXRpYwpzZXQgaXAgMTcyLjE4LjEwLjEzNCAyNTUuMjU1LjI1NS4xOTIKc2V0IGFsbG93YWNjZXNzIHBpbmcgaHR0cHMgc3NoIGZnZm0KbmV4dAplbmQKY29uZmlnIHN5cyBoYQpzZXQgZ3JvdXAtbmFtZSBBenVyZS1IQQpzZXQgbW9kZSBhLXAKc2V0IGhiZGV2IHBvcnQzIDEwMApzZXQgc2Vzc2lvbi1waWNrdXAgZW5hYmxlCnNldCBoYS1tZ210LXN0YXR1cyBlbmFibGUKY29uZmlnICBoYS1tZ210LWludGVyZmFjZXMKZWRpdCAxCnNldCBpbnRlcmZhY2UgcG9ydDQKc2V0IGdhdGV3YXkgMTcyLjE4LjEwLjEyOQpuZXh0CmVuZApzZXQgb3ZlcnJpZGUgZGlzYWJsZQpzZXQgcHJpb3JpdHkgMQpzZXQgdW5pY2FzdC1oYiBlbmFibGUKc2V0IHVuaWNhc3QtaGItcGVlcmlwIDE3Mi4xOC4xMC4xOTYKZW5kCmNvbmZpZyByb3V0ZXIgc3RhdGljCmVkaXQgMQpzZXQgZGV2aWNlIHBvcnQxCnNldCBnYXRld2F5IDE3Mi4xOC4xMC4xCm5leHQKZW5kCmNvbmZpZyBzeXMgc2RuLWNvbm5lY3RvcgplZGl0ICJhenVyZXNkbiIKc2V0IHR5cGUgYXp1cmUKc2V0IGhhLXN0YXR1cyBlbmFibGUKc2V0IHVzZS1tZXRhZGF0YS1pYW0gZGlzYWJsZQpzZXQgdGVuYW50LWlkIDk0MmI4MGNkLTFiMTQtNDJhMS04ZGNmLTRiMjFkZWNlNjFiYQpzZXQgc3Vic2NyaXB0aW9uLWlkIGNmNzI0NzhlLWMzYjAtNDA3Mi04ZjYwLTQxZDAzN2MxZDllOQpzZXQgY2xpZW50LWlkIDllNmYzMmVkLWE4NmMtNDM0Ni04ZDI1LTAzYTA5NTIxYTZiYwpzZXQgY2xpZW50LXNlY3JldCBTRnc4UX41TnQwWGMuREdESGNiRkFLb1ZIWFItb2x6bnc0QlVsY2RwCnNldCByZXNvdXJjZS1ncm91cCByc2ctdGhpYWdvcG9udGVzCmNvbmZpZyBuaWMKZWRpdCBwYXNzaXZlcG9ydDEKY29uZmlnIGlwCmVkaXQgaXBjb25maWcxCnNldCBwdWJsaWMtaXAgRkdULUN1c3RvbWVyLUZHVC1QSVAKbmV4dAplbmQKbmV4dAplbmQKY29uZmlnIHJvdXRlLXRhYmxlCmVkaXQgSW50ZXJuYWxSb3V0ZVRhYmxlMQpjb25maWcgcm91dGUKZWRpdCBkZWZhdWx0CnNldCBuZXh0LWhvcCAxNzIuMTguMTAuMTk3Cm5leHQKZW5kCm5leHQKZW5kCmVuZAoKCi0tPT1BWlVSRT09CkNvbnRlbnQtVHlwZTogdGV4dC9wbGFpbjsgY2hhcnNldD0idXMtYXNjaWkiCk1JTUUtVmVyc2lvbjogMS4wCkNvbnRlbnQtVHJhbnNmZXItRW5jb2Rpbmc6IDdiaXQKQ29udGVudC1EaXNwb3NpdGlvbjogYXR0YWNobWVudDsgZmlsZW5hbWU9ImxpY2Vuc2UiCgpMSUNFTlNFLVRPS0VOOkFCNzk1NTQ3ODFCNUQwNEM4QzY1CgoKLS09PUFaVVJFPT0tLQo=",
            "dedicated_host_group_id": "",
            "dedicated_host_id": "",
            "disable_password_authentication": false,
            "disk_controller_type": "",
            "edge_zone": "",
            "encryption_at_host_enabled": false,
            "eviction_policy": "",
            "extensions_time_budget": "PT1H30M",
            "gallery_application": [],
            "id": "/subscriptions/b851d0d9-9a10-4098-9269-35e85eb3a698/resourceGroups/rsg-thiagopontes/providers/Microsoft.Compute/virtualMachines/FGT-Customer02",
            "identity": [
              {
                "identity_ids": null,
                "principal_id": "5d2d041b-71ab-4730-bc40-bb30613525c0",
                "tenant_id": "942b80cd-1b14-42a1-8dcf-4b21dece61ba",
                "type": "SystemAssigned"
              }
            ],
            "license_type": "",
            "location": "eastus",
            "max_bid_price": -1,
            "name": "FGT-Customer02",
            "network_interface_ids": [
              "/subscriptions/b851d0d9-9a10-4098-9269-35e85eb3a698/resourceGroups/rsg-thiagopontes/providers/Microsoft.Network/networkInterfaces/FGT-Customer02-Nic1",
              "/subscriptions/b851d0d9-9a10-4098-9269-35e85eb3a698/resourceGroups/rsg-thiagopontes/providers/Microsoft.Network/networkInterfaces/FGT-Customer02-Nic2",
              "/subscriptions/b851d0d9-9a10-4098-9269-35e85eb3a698/resourceGroups/rsg-thiagopontes/providers/Microsoft.Network/networkInterfaces/FGT-Customer02-Nic3",
              "/subscriptions/b851d0d9-9a10-4098-9269-35e85eb3a698/resourceGroups/rsg-thiagopontes/providers/Microsoft.Network/networkInterfaces/FGT-Customer02-Nic4"
            ],
            "os_disk": [
              {
                "caching": "ReadWrite",
                "diff_disk_settings": [],
                "disk_encryption_set_id": "",
                "disk_size_gb": 2,
                "name": "FGT-Customer02_OsDisk_1_f02acff0e375441193cc0c10c336afdd",
                "secure_vm_disk_encryption_set_id": "",
                "security_encryption_type": "",
                "storage_account_type": "Premium_LRS",
                "write_accelerator_enabled": false
              }
            ],
            "os_image_notification": [],
            "patch_assessment_mode": "ImageDefault",
            "patch_mode": "ImageDefault",
            "plan": [
              {
                "name": "fortinet_fg-vm",
                "product": "fortinet_fortigate-vm_v5",
                "publisher": "fortinet"
              }
            ],
            "platform_fault_domain": -1,
            "priority": "Regular",
            "private_ip_address": "172.18.10.5",
            "private_ip_addresses": [
              "172.18.10.5",
              "172.18.10.70",
              "172.18.10.197",
              "172.18.10.134"
            ],
            "provision_vm_agent": true,
            "proximity_placement_group_id": "",
            "public_ip_address": "4.255.17.44",
            "public_ip_addresses": [
              "4.255.17.44"
            ],
            "reboot_setting": "",
            "resource_group_name": "rsg-thiagopontes",
            "secret": [],
            "secure_boot_enabled": false,
            "size": "Standard_DS4_v2",
            "source_image_id": "",
            "source_image_reference": [
              {
                "offer": "fortinet_fortigate-vm_v5",
                "publisher": "fortinet",
                "sku": "fortinet_fg-vm",
                "version": "7.0.11"
              }
            ],
            "tags": {
              "provider": "6EB3B02F-50E5-4A3E-8CB8-2E12925831AP"
            },
            "termination_notification": null,
            "timeouts": null,
            "user_data": "",
            "virtual_machine_id": "ba6cd777-f1b6-4990-9dd7-2fccd6229b4d",
            "virtual_machine_scale_set_id": "",
            "vm_agent_platform_updates_enabled": false,
            "vtpm_enabled": false,
            "zone": "2"
          },
          "sensitive_attributes": [],
          "private": "eyJlMmJmYjczMC1lY2FhLTExZTYtOGY4OC0zNDM2M2JjN2M0YzAiOnsiY3JlYXRlIjoyNzAwMDAwMDAwMDAwLCJkZWxldGUiOjI3MDAwMDAwMDAwMDAsInJlYWQiOjMwMDAwMDAwMDAwMCwidXBkYXRlIjoyNzAwMDAwMDAwMDAwfX0=",
          "dependencies": [
            "azurerm_network_interface.passiveport1",
            "azurerm_network_interface.passiveport2",
            "azurerm_network_interface.passiveport3",
            "azurerm_network_interface.passiveport4",
            "azurerm_public_ip.ClusterPublicIP",
            "azurerm_public_ip.PassiveMGMTIP",
            "azurerm_resource_group.res-0",
            "azurerm_route_table.internal",
            "azurerm_subnet.hasyncsubnet",
            "azurerm_subnet.mgmtsubnet",
            "azurerm_subnet.privatesubnet",
            "azurerm_subnet.publicsubnet",
            "azurerm_virtual_network.res-40"
          ]
        }
      ]
    },
    {
      "mode": "managed",
      "type": "azurerm_managed_disk",
      "name": "res-1",
      "provider": "provider[\"registry.terraform.io/hashicorp/azurerm\"]",
      "instances": [
        {
          "schema_version": 1,
          "attributes": {
            "create_option": "Empty",
            "disk_access_id": "",
            "disk_encryption_set_id": "",
            "disk_iops_read_only": 0,
            "disk_iops_read_write": 240,
            "disk_mbps_read_only": 0,
            "disk_mbps_read_write": 50,
            "disk_size_gb": 64,
            "edge_zone": "",
            "encryption_settings": [],
            "gallery_image_reference_id": "",
            "hyper_v_generation": "",
            "id": "/subscriptions/b851d0d9-9a10-4098-9269-35e85eb3a698/resourceGroups/rsg-thiagopontes/providers/Microsoft.Compute/disks/FGT-Customer01_disk2_f066a9849e0740d5a82f3d266f56fbca",
            "image_reference_id": "",
            "location": "eastus",
            "logical_sector_size": null,
            "max_shares": 0,
            "name": "FGT-Customer01_disk2_f066a9849e0740d5a82f3d266f56fbca",
            "network_access_policy": null,
            "on_demand_bursting_enabled": false,
            "optimized_frequent_attach_enabled": false,
            "os_type": "",
            "performance_plus_enabled": false,
            "public_network_access_enabled": true,
            "resource_group_name": "rsg-thiagopontes",
            "secure_vm_disk_encryption_set_id": "",
            "security_type": "",
            "source_resource_id": "",
            "source_uri": "",
            "storage_account_id": "",
            "storage_account_type": "Premium_LRS",
            "tags": {
              "provider": "6EB3B02F-50E5-4A3E-8CB8-2E12925831AP"
            },
            "tier": "P6",
            "timeouts": null,
            "trusted_launch_enabled": false,
            "upload_size_bytes": 0,
            "zone": "1"
          },
          "sensitive_attributes": [],
          "private": "eyJlMmJmYjczMC1lY2FhLTExZTYtOGY4OC0zNDM2M2JjN2M0YzAiOnsiY3JlYXRlIjoxODAwMDAwMDAwMDAwLCJkZWxldGUiOjE4MDAwMDAwMDAwMDAsInJlYWQiOjMwMDAwMDAwMDAwMCwidXBkYXRlIjoxODAwMDAwMDAwMDAwfSwic2NoZW1hX3ZlcnNpb24iOiIxIn0=",
          "dependencies": [
            "azurerm_resource_group.res-0"
          ]
        }
      ]
    },
    {
      "mode": "managed",
      "type": "azurerm_managed_disk",
      "name": "res-2",
      "provider": "provider[\"registry.terraform.io/hashicorp/azurerm\"]",
      "instances": [
        {
          "schema_version": 1,
          "attributes": {
            "create_option": "Empty",
            "disk_access_id": "",
            "disk_encryption_set_id": "",
            "disk_iops_read_only": 0,
            "disk_iops_read_write": 240,
            "disk_mbps_read_only": 0,
            "disk_mbps_read_write": 50,
            "disk_size_gb": 64,
            "edge_zone": "",
            "encryption_settings": [],
            "gallery_image_reference_id": "",
            "hyper_v_generation": "",
            "id": "/subscriptions/b851d0d9-9a10-4098-9269-35e85eb3a698/resourceGroups/rsg-thiagopontes/providers/Microsoft.Compute/disks/FGT-Customer02_disk2_7e0a588d60eb45b1b495daf3cbdd6f4a",
            "image_reference_id": "",
            "location": "eastus",
            "logical_sector_size": null,
            "max_shares": 0,
            "name": "FGT-Customer02_disk2_7e0a588d60eb45b1b495daf3cbdd6f4a",
            "network_access_policy": null,
            "on_demand_bursting_enabled": false,
            "optimized_frequent_attach_enabled": false,
            "os_type": "",
            "performance_plus_enabled": false,
            "public_network_access_enabled": true,
            "resource_group_name": "rsg-thiagopontes",
            "secure_vm_disk_encryption_set_id": "",
            "security_type": "",
            "source_resource_id": "",
            "source_uri": "",
            "storage_account_id": "",
            "storage_account_type": "Premium_LRS",
            "tags": {
              "provider": "6EB3B02F-50E5-4A3E-8CB8-2E12925831AP"
            },
            "tier": "P6",
            "timeouts": null,
            "trusted_launch_enabled": false,
            "upload_size_bytes": 0,
            "zone": "2"
          },
          "sensitive_attributes": [],
          "private": "eyJlMmJmYjczMC1lY2FhLTExZTYtOGY4OC0zNDM2M2JjN2M0YzAiOnsiY3JlYXRlIjoxODAwMDAwMDAwMDAwLCJkZWxldGUiOjE4MDAwMDAwMDAwMDAsInJlYWQiOjMwMDAwMDAwMDAwMCwidXBkYXRlIjoxODAwMDAwMDAwMDAwfSwic2NoZW1hX3ZlcnNpb24iOiIxIn0=",
          "dependencies": [
            "azurerm_resource_group.res-0"
          ]
        }
      ]
    },
    {
      "mode": "managed",
      "type": "azurerm_network_interface",
      "name": "activeport1",
      "provider": "provider[\"registry.terraform.io/hashicorp/azurerm\"]",
      "instances": [
        {
          "schema_version": 0,
          "attributes": {
            "applied_dns_servers": [],
            "auxiliary_mode": "",
            "auxiliary_sku": "",
            "dns_servers": [],
            "edge_zone": "",
            "enable_accelerated_networking": true,
            "enable_ip_forwarding": true,
            "id": "/subscriptions/b851d0d9-9a10-4098-9269-35e85eb3a698/resourceGroups/rsg-thiagopontes/providers/Microsoft.Network/networkInterfaces/FGT-Customer01-Nic1",
            "internal_dns_name_label": "",
            "internal_domain_name_suffix": "eg0vbs02dmsuzp5zc3jjylfnrb.bx.internal.cloudapp.net",
            "ip_configuration": [
              {
                "gateway_load_balancer_frontend_ip_configuration_id": "",
                "name": "ipconfig1",
                "primary": true,
                "private_ip_address": "172.18.10.4",
                "private_ip_address_allocation": "Static",
                "private_ip_address_version": "IPv4",
                "public_ip_address_id": "",
                "subnet_id": "/subscriptions/b851d0d9-9a10-4098-9269-35e85eb3a698/resourceGroups/rsg-thiagopontes/providers/Microsoft.Network/virtualNetworks/Vnet-Customer-Sdwan/subnets/FortinetExternalSubnet"
              }
            ],
            "location": "eastus",
            "mac_address": "7C-1E-52-14-51-7E",
            "name": "FGT-Customer01-Nic1",
            "private_ip_address": "172.18.10.4",
            "private_ip_addresses": [
              "172.18.10.4"
            ],
            "resource_group_name": "rsg-thiagopontes",
            "tags": {
              "provider": "6EB3B02F-50E5-4A3E-8CB8-2E12925831AP"
            },
            "timeouts": null,
            "virtual_machine_id": "/subscriptions/b851d0d9-9a10-4098-9269-35e85eb3a698/resourceGroups/rsg-thiagopontes/providers/Microsoft.Compute/virtualMachines/FGT-Customer01"
          },
          "sensitive_attributes": [],
          "private": "eyJlMmJmYjczMC1lY2FhLTExZTYtOGY4OC0zNDM2M2JjN2M0YzAiOnsiY3JlYXRlIjoxODAwMDAwMDAwMDAwLCJkZWxldGUiOjE4MDAwMDAwMDAwMDAsInJlYWQiOjMwMDAwMDAwMDAwMCwidXBkYXRlIjoxODAwMDAwMDAwMDAwfX0=",
          "dependencies": [
            "azurerm_resource_group.res-0",
            "azurerm_subnet.publicsubnet",
            "azurerm_virtual_network.res-40"
          ]
        }
      ]
    },
    {
      "mode": "managed",
      "type": "azurerm_network_interface",
      "name": "activeport2",
      "provider": "provider[\"registry.terraform.io/hashicorp/azurerm\"]",
      "instances": [
        {
          "schema_version": 0,
          "attributes": {
            "applied_dns_servers": [],
            "auxiliary_mode": "",
            "auxiliary_sku": "",
            "dns_servers": [],
            "edge_zone": "",
            "enable_accelerated_networking": true,
            "enable_ip_forwarding": true,
            "id": "/subscriptions/b851d0d9-9a10-4098-9269-35e85eb3a698/resourceGroups/rsg-thiagopontes/providers/Microsoft.Network/networkInterfaces/FGT-Customer01-Nic2",
            "internal_dns_name_label": "",
            "internal_domain_name_suffix": "eg0vbs02dmsuzp5zc3jjylfnrb.bx.internal.cloudapp.net",
            "ip_configuration": [
              {
                "gateway_load_balancer_frontend_ip_configuration_id": "",
                "name": "ipconfig1",
                "primary": true,
                "private_ip_address": "172.18.10.69",
                "private_ip_address_allocation": "Static",
                "private_ip_address_version": "IPv4",
                "public_ip_address_id": "",
                "subnet_id": "/subscriptions/b851d0d9-9a10-4098-9269-35e85eb3a698/resourceGroups/rsg-thiagopontes/providers/Microsoft.Network/virtualNetworks/Vnet-Customer-Sdwan/subnets/FortinetInternalSubnet"
              }
            ],
            "location": "eastus",
            "mac_address": "7C-1E-52-14-57-53",
            "name": "FGT-Customer01-Nic2",
            "private_ip_address": "172.18.10.69",
            "private_ip_addresses": [
              "172.18.10.69"
            ],
            "resource_group_name": "rsg-thiagopontes",
            "tags": {
              "provider": "6EB3B02F-50E5-4A3E-8CB8-2E12925831AP"
            },
            "timeouts": null,
            "virtual_machine_id": "/subscriptions/b851d0d9-9a10-4098-9269-35e85eb3a698/resourceGroups/rsg-thiagopontes/providers/Microsoft.Compute/virtualMachines/FGT-Customer01"
          },
          "sensitive_attributes": [],
          "private": "eyJlMmJmYjczMC1lY2FhLTExZTYtOGY4OC0zNDM2M2JjN2M0YzAiOnsiY3JlYXRlIjoxODAwMDAwMDAwMDAwLCJkZWxldGUiOjE4MDAwMDAwMDAwMDAsInJlYWQiOjMwMDAwMDAwMDAwMCwidXBkYXRlIjoxODAwMDAwMDAwMDAwfX0=",
          "dependencies": [
            "azurerm_resource_group.res-0",
            "azurerm_subnet.privatesubnet",
            "azurerm_virtual_network.res-40"
          ]
        }
      ]
    },
    {
      "mode": "managed",
      "type": "azurerm_network_interface",
      "name": "activeport3",
      "provider": "provider[\"registry.terraform.io/hashicorp/azurerm\"]",
      "instances": [
        {
          "schema_version": 0,
          "attributes": {
            "applied_dns_servers": [],
            "auxiliary_mode": "",
            "auxiliary_sku": "",
            "dns_servers": [],
            "edge_zone": "",
            "enable_accelerated_networking": true,
            "enable_ip_forwarding": true,
            "id": "/subscriptions/b851d0d9-9a10-4098-9269-35e85eb3a698/resourceGroups/rsg-thiagopontes/providers/Microsoft.Network/networkInterfaces/FGT-Customer01-Nic3",
            "internal_dns_name_label": "",
            "internal_domain_name_suffix": "eg0vbs02dmsuzp5zc3jjylfnrb.bx.internal.cloudapp.net",
            "ip_configuration": [
              {
                "gateway_load_balancer_frontend_ip_configuration_id": "",
                "name": "ipconfig1",
                "primary": true,
                "private_ip_address": "172.18.10.196",
                "private_ip_address_allocation": "Static",
                "private_ip_address_version": "IPv4",
                "public_ip_address_id": "",
                "subnet_id": "/subscriptions/b851d0d9-9a10-4098-9269-35e85eb3a698/resourceGroups/rsg-thiagopontes/providers/Microsoft.Network/virtualNetworks/Vnet-Customer-Sdwan/subnets/FortinetHASyncSubnet"
              }
            ],
            "location": "eastus",
            "mac_address": "7C-1E-52-14-54-A1",
            "name": "FGT-Customer01-Nic3",
            "private_ip_address": "172.18.10.196",
            "private_ip_addresses": [
              "172.18.10.196"
            ],
            "resource_group_name": "rsg-thiagopontes",
            "tags": {
              "provider": "6EB3B02F-50E5-4A3E-8CB8-2E12925831AP"
            },
            "timeouts": null,
            "virtual_machine_id": "/subscriptions/b851d0d9-9a10-4098-9269-35e85eb3a698/resourceGroups/rsg-thiagopontes/providers/Microsoft.Compute/virtualMachines/FGT-Customer01"
          },
          "sensitive_attributes": [],
          "private": "eyJlMmJmYjczMC1lY2FhLTExZTYtOGY4OC0zNDM2M2JjN2M0YzAiOnsiY3JlYXRlIjoxODAwMDAwMDAwMDAwLCJkZWxldGUiOjE4MDAwMDAwMDAwMDAsInJlYWQiOjMwMDAwMDAwMDAwMCwidXBkYXRlIjoxODAwMDAwMDAwMDAwfX0=",
          "dependencies": [
            "azurerm_resource_group.res-0",
            "azurerm_subnet.hasyncsubnet",
            "azurerm_virtual_network.res-40"
          ]
        }
      ]
    },
    {
      "mode": "managed",
      "type": "azurerm_network_interface",
      "name": "activeport4",
      "provider": "provider[\"registry.terraform.io/hashicorp/azurerm\"]",
      "instances": [
        {
          "schema_version": 0,
          "attributes": {
            "applied_dns_servers": [],
            "auxiliary_mode": "",
            "auxiliary_sku": "",
            "dns_servers": [],
            "edge_zone": "",
            "enable_accelerated_networking": true,
            "enable_ip_forwarding": true,
            "id": "/subscriptions/b851d0d9-9a10-4098-9269-35e85eb3a698/resourceGroups/rsg-thiagopontes/providers/Microsoft.Network/networkInterfaces/FGT-Customer01-Nic4",
            "internal_dns_name_label": "",
            "internal_domain_name_suffix": "eg0vbs02dmsuzp5zc3jjylfnrb.bx.internal.cloudapp.net",
            "ip_configuration": [
              {
                "gateway_load_balancer_frontend_ip_configuration_id": "",
                "name": "ipconfig1",
                "primary": true,
                "private_ip_address": "172.18.10.133",
                "private_ip_address_allocation": "Static",
                "private_ip_address_version": "IPv4",
                "public_ip_address_id": "/subscriptions/b851d0d9-9a10-4098-9269-35e85eb3a698/resourceGroups/rsg-thiagopontes/providers/Microsoft.Network/publicIPAddresses/FGT-Customer-FGT-A-MGMT-PIP",
                "subnet_id": "/subscriptions/b851d0d9-9a10-4098-9269-35e85eb3a698/resourceGroups/rsg-thiagopontes/providers/Microsoft.Network/virtualNetworks/Vnet-Customer-Sdwan/subnets/FortinetManagementSubnet"
              }
            ],
            "location": "eastus",
            "mac_address": "7C-1E-52-14-57-1E",
            "name": "FGT-Customer01-Nic4",
            "private_ip_address": "172.18.10.133",
            "private_ip_addresses": [
              "172.18.10.133"
            ],
            "resource_group_name": "rsg-thiagopontes",
            "tags": {
              "provider": "6EB3B02F-50E5-4A3E-8CB8-2E12925831AP"
            },
            "timeouts": null,
            "virtual_machine_id": "/subscriptions/b851d0d9-9a10-4098-9269-35e85eb3a698/resourceGroups/rsg-thiagopontes/providers/Microsoft.Compute/virtualMachines/FGT-Customer01"
          },
          "sensitive_attributes": [],
          "private": "eyJlMmJmYjczMC1lY2FhLTExZTYtOGY4OC0zNDM2M2JjN2M0YzAiOnsiY3JlYXRlIjoxODAwMDAwMDAwMDAwLCJkZWxldGUiOjE4MDAwMDAwMDAwMDAsInJlYWQiOjMwMDAwMDAwMDAwMCwidXBkYXRlIjoxODAwMDAwMDAwMDAwfX0=",
          "dependencies": [
            "azurerm_public_ip.ActiveMGMTIP",
            "azurerm_resource_group.res-0",
            "azurerm_subnet.mgmtsubnet",
            "azurerm_virtual_network.res-40"
          ]
        }
      ]
    },
    {
      "mode": "managed",
      "type": "azurerm_network_interface",
      "name": "passiveport1",
      "provider": "provider[\"registry.terraform.io/hashicorp/azurerm\"]",
      "instances": [
        {
          "schema_version": 0,
          "attributes": {
            "applied_dns_servers": [],
            "auxiliary_mode": "",
            "auxiliary_sku": "",
            "dns_servers": [],
            "edge_zone": "",
            "enable_accelerated_networking": true,
            "enable_ip_forwarding": true,
            "id": "/subscriptions/b851d0d9-9a10-4098-9269-35e85eb3a698/resourceGroups/rsg-thiagopontes/providers/Microsoft.Network/networkInterfaces/FGT-Customer02-Nic1",
            "internal_dns_name_label": "",
            "internal_domain_name_suffix": "eg0vbs02dmsuzp5zc3jjylfnrb.bx.internal.cloudapp.net",
            "ip_configuration": [
              {
                "gateway_load_balancer_frontend_ip_configuration_id": "",
                "name": "ipconfig1",
                "primary": true,
                "private_ip_address": "172.18.10.5",
                "private_ip_address_allocation": "Static",
                "private_ip_address_version": "IPv4",
                "public_ip_address_id": "",
                "subnet_id": "/subscriptions/b851d0d9-9a10-4098-9269-35e85eb3a698/resourceGroups/rsg-thiagopontes/providers/Microsoft.Network/virtualNetworks/Vnet-Customer-Sdwan/subnets/FortinetExternalSubnet"
              }
            ],
            "location": "eastus",
            "mac_address": "7C-1E-52-0A-74-D8",
            "name": "FGT-Customer02-Nic1",
            "private_ip_address": "172.18.10.5",
            "private_ip_addresses": [
              "172.18.10.5"
            ],
            "resource_group_name": "rsg-thiagopontes",
            "tags": {
              "provider": "6EB3B02F-50E5-4A3E-8CB8-2E12925831AP"
            },
            "timeouts": null,
            "virtual_machine_id": "/subscriptions/b851d0d9-9a10-4098-9269-35e85eb3a698/resourceGroups/rsg-thiagopontes/providers/Microsoft.Compute/virtualMachines/FGT-Customer02"
          },
          "sensitive_attributes": [],
          "private": "eyJlMmJmYjczMC1lY2FhLTExZTYtOGY4OC0zNDM2M2JjN2M0YzAiOnsiY3JlYXRlIjoxODAwMDAwMDAwMDAwLCJkZWxldGUiOjE4MDAwMDAwMDAwMDAsInJlYWQiOjMwMDAwMDAwMDAwMCwidXBkYXRlIjoxODAwMDAwMDAwMDAwfX0=",
          "dependencies": [
            "azurerm_resource_group.res-0",
            "azurerm_subnet.publicsubnet",
            "azurerm_virtual_network.res-40"
          ]
        }
      ]
    },
    {
      "mode": "managed",
      "type": "azurerm_network_interface",
      "name": "passiveport2",
      "provider": "provider[\"registry.terraform.io/hashicorp/azurerm\"]",
      "instances": [
        {
          "schema_version": 0,
          "attributes": {
            "applied_dns_servers": [],
            "auxiliary_mode": "",
            "auxiliary_sku": "",
            "dns_servers": [],
            "edge_zone": "",
            "enable_accelerated_networking": true,
            "enable_ip_forwarding": true,
            "id": "/subscriptions/b851d0d9-9a10-4098-9269-35e85eb3a698/resourceGroups/rsg-thiagopontes/providers/Microsoft.Network/networkInterfaces/FGT-Customer02-Nic2",
            "internal_dns_name_label": "",
            "internal_domain_name_suffix": "eg0vbs02dmsuzp5zc3jjylfnrb.bx.internal.cloudapp.net",
            "ip_configuration": [
              {
                "gateway_load_balancer_frontend_ip_configuration_id": "",
                "name": "ipconfig1",
                "primary": true,
                "private_ip_address": "172.18.10.70",
                "private_ip_address_allocation": "Static",
                "private_ip_address_version": "IPv4",
                "public_ip_address_id": "",
                "subnet_id": "/subscriptions/b851d0d9-9a10-4098-9269-35e85eb3a698/resourceGroups/rsg-thiagopontes/providers/Microsoft.Network/virtualNetworks/Vnet-Customer-Sdwan/subnets/FortinetInternalSubnet"
              }
            ],
            "location": "eastus",
            "mac_address": "7C-1E-52-0A-70-D2",
            "name": "FGT-Customer02-Nic2",
            "private_ip_address": "172.18.10.70",
            "private_ip_addresses": [
              "172.18.10.70"
            ],
            "resource_group_name": "rsg-thiagopontes",
            "tags": {
              "provider": "6EB3B02F-50E5-4A3E-8CB8-2E12925831AP"
            },
            "timeouts": null,
            "virtual_machine_id": "/subscriptions/b851d0d9-9a10-4098-9269-35e85eb3a698/resourceGroups/rsg-thiagopontes/providers/Microsoft.Compute/virtualMachines/FGT-Customer02"
          },
          "sensitive_attributes": [],
          "private": "eyJlMmJmYjczMC1lY2FhLTExZTYtOGY4OC0zNDM2M2JjN2M0YzAiOnsiY3JlYXRlIjoxODAwMDAwMDAwMDAwLCJkZWxldGUiOjE4MDAwMDAwMDAwMDAsInJlYWQiOjMwMDAwMDAwMDAwMCwidXBkYXRlIjoxODAwMDAwMDAwMDAwfX0=",
          "dependencies": [
            "azurerm_resource_group.res-0",
            "azurerm_subnet.privatesubnet",
            "azurerm_virtual_network.res-40"
          ]
        }
      ]
    },
    {
      "mode": "managed",
      "type": "azurerm_network_interface",
      "name": "passiveport3",
      "provider": "provider[\"registry.terraform.io/hashicorp/azurerm\"]",
      "instances": [
        {
          "schema_version": 0,
          "attributes": {
            "applied_dns_servers": [],
            "auxiliary_mode": "",
            "auxiliary_sku": "",
            "dns_servers": [],
            "edge_zone": "",
            "enable_accelerated_networking": true,
            "enable_ip_forwarding": true,
            "id": "/subscriptions/b851d0d9-9a10-4098-9269-35e85eb3a698/resourceGroups/rsg-thiagopontes/providers/Microsoft.Network/networkInterfaces/FGT-Customer02-Nic3",
            "internal_dns_name_label": "",
            "internal_domain_name_suffix": "eg0vbs02dmsuzp5zc3jjylfnrb.bx.internal.cloudapp.net",
            "ip_configuration": [
              {
                "gateway_load_balancer_frontend_ip_configuration_id": "",
                "name": "ipconfig1",
                "primary": true,
                "private_ip_address": "172.18.10.197",
                "private_ip_address_allocation": "Static",
                "private_ip_address_version": "IPv4",
                "public_ip_address_id": "",
                "subnet_id": "/subscriptions/b851d0d9-9a10-4098-9269-35e85eb3a698/resourceGroups/rsg-thiagopontes/providers/Microsoft.Network/virtualNetworks/Vnet-Customer-Sdwan/subnets/FortinetHASyncSubnet"
              }
            ],
            "location": "eastus",
            "mac_address": "7C-1E-52-0A-70-87",
            "name": "FGT-Customer02-Nic3",
            "private_ip_address": "172.18.10.197",
            "private_ip_addresses": [
              "172.18.10.197"
            ],
            "resource_group_name": "rsg-thiagopontes",
            "tags": {
              "provider": "6EB3B02F-50E5-4A3E-8CB8-2E12925831AP"
            },
            "timeouts": null,
            "virtual_machine_id": "/subscriptions/b851d0d9-9a10-4098-9269-35e85eb3a698/resourceGroups/rsg-thiagopontes/providers/Microsoft.Compute/virtualMachines/FGT-Customer02"
          },
          "sensitive_attributes": [],
          "private": "eyJlMmJmYjczMC1lY2FhLTExZTYtOGY4OC0zNDM2M2JjN2M0YzAiOnsiY3JlYXRlIjoxODAwMDAwMDAwMDAwLCJkZWxldGUiOjE4MDAwMDAwMDAwMDAsInJlYWQiOjMwMDAwMDAwMDAwMCwidXBkYXRlIjoxODAwMDAwMDAwMDAwfX0=",
          "dependencies": [
            "azurerm_resource_group.res-0",
            "azurerm_subnet.hasyncsubnet",
            "azurerm_virtual_network.res-40"
          ]
        }
      ]
    },
    {
      "mode": "managed",
      "type": "azurerm_network_interface",
      "name": "passiveport4",
      "provider": "provider[\"registry.terraform.io/hashicorp/azurerm\"]",
      "instances": [
        {
          "schema_version": 0,
          "attributes": {
            "applied_dns_servers": [],
            "auxiliary_mode": "",
            "auxiliary_sku": "",
            "dns_servers": [],
            "edge_zone": "",
            "enable_accelerated_networking": true,
            "enable_ip_forwarding": true,
            "id": "/subscriptions/b851d0d9-9a10-4098-9269-35e85eb3a698/resourceGroups/rsg-thiagopontes/providers/Microsoft.Network/networkInterfaces/FGT-Customer02-Nic4",
            "internal_dns_name_label": "",
            "internal_domain_name_suffix": "eg0vbs02dmsuzp5zc3jjylfnrb.bx.internal.cloudapp.net",
            "ip_configuration": [
              {
                "gateway_load_balancer_frontend_ip_configuration_id": "",
                "name": "ipconfig1",
                "primary": true,
                "private_ip_address": "172.18.10.134",
                "private_ip_address_allocation": "Static",
                "private_ip_address_version": "IPv4",
                "public_ip_address_id": "/subscriptions/b851d0d9-9a10-4098-9269-35e85eb3a698/resourceGroups/rsg-thiagopontes/providers/Microsoft.Network/publicIPAddresses/FGT-Customer-FGT-B-MGMT-PIP",
                "subnet_id": "/subscriptions/b851d0d9-9a10-4098-9269-35e85eb3a698/resourceGroups/rsg-thiagopontes/providers/Microsoft.Network/virtualNetworks/Vnet-Customer-Sdwan/subnets/FortinetManagementSubnet"
              }
            ],
            "location": "eastus",
            "mac_address": "7C-1E-52-0A-7A-C3",
            "name": "FGT-Customer02-Nic4",
            "private_ip_address": "172.18.10.134",
            "private_ip_addresses": [
              "172.18.10.134"
            ],
            "resource_group_name": "rsg-thiagopontes",
            "tags": {
              "provider": "6EB3B02F-50E5-4A3E-8CB8-2E12925831AP"
            },
            "timeouts": null,
            "virtual_machine_id": "/subscriptions/b851d0d9-9a10-4098-9269-35e85eb3a698/resourceGroups/rsg-thiagopontes/providers/Microsoft.Compute/virtualMachines/FGT-Customer02"
          },
          "sensitive_attributes": [],
          "private": "eyJlMmJmYjczMC1lY2FhLTExZTYtOGY4OC0zNDM2M2JjN2M0YzAiOnsiY3JlYXRlIjoxODAwMDAwMDAwMDAwLCJkZWxldGUiOjE4MDAwMDAwMDAwMDAsInJlYWQiOjMwMDAwMDAwMDAwMCwidXBkYXRlIjoxODAwMDAwMDAwMDAwfX0=",
          "dependencies": [
            "azurerm_public_ip.PassiveMGMTIP",
            "azurerm_resource_group.res-0",
            "azurerm_subnet.mgmtsubnet",
            "azurerm_virtual_network.res-40"
          ]
        }
      ]
    },
    {
      "mode": "managed",
      "type": "azurerm_network_interface_backend_address_pool_association",
      "name": "res-12",
      "provider": "provider[\"registry.terraform.io/hashicorp/azurerm\"]",
      "instances": [
        {
          "schema_version": 0,
          "attributes": {
            "backend_address_pool_id": "/subscriptions/b851d0d9-9a10-4098-9269-35e85eb3a698/resourceGroups/rsg-thiagopontes/providers/Microsoft.Network/loadBalancers/FGT-Customer-ExternalLoadBalancer/backendAddressPools/FGT-Customer-ELB-FortinetExternalSubnet-BackEnd",
            "id": "/subscriptions/b851d0d9-9a10-4098-9269-35e85eb3a698/resourceGroups/rsg-thiagopontes/providers/Microsoft.Network/networkInterfaces/FGT-Customer01-Nic1/ipConfigurations/ipconfig1|/subscriptions/b851d0d9-9a10-4098-9269-35e85eb3a698/resourceGroups/rsg-thiagopontes/providers/Microsoft.Network/loadBalancers/FGT-Customer-ExternalLoadBalancer/backendAddressPools/FGT-Customer-ELB-FortinetExternalSubnet-BackEnd",
            "ip_configuration_name": "ipconfig1",
            "network_interface_id": "/subscriptions/b851d0d9-9a10-4098-9269-35e85eb3a698/resourceGroups/rsg-thiagopontes/providers/Microsoft.Network/networkInterfaces/FGT-Customer01-Nic1",
            "timeouts": null
          },
          "sensitive_attributes": [],
          "private": "eyJlMmJmYjczMC1lY2FhLTExZTYtOGY4OC0zNDM2M2JjN2M0YzAiOnsiY3JlYXRlIjoxODAwMDAwMDAwMDAwLCJkZWxldGUiOjE4MDAwMDAwMDAwMDAsInJlYWQiOjMwMDAwMDAwMDAwMH19",
          "dependencies": [
            "azurerm_lb.externalLB",
            "azurerm_lb_backend_address_pool.res-8",
            "azurerm_network_interface.activeport1",
            "azurerm_public_ip.ClusterPublicIP",
            "azurerm_resource_group.res-0",
            "azurerm_subnet.publicsubnet",
            "azurerm_virtual_network.res-40"
          ]
        }
      ]
    },
    {
      "mode": "managed",
      "type": "azurerm_network_interface_backend_address_pool_association",
      "name": "res-15",
      "provider": "provider[\"registry.terraform.io/hashicorp/azurerm\"]",
      "instances": [
        {
          "schema_version": 0,
          "attributes": {
            "backend_address_pool_id": "/subscriptions/b851d0d9-9a10-4098-9269-35e85eb3a698/resourceGroups/rsg-thiagopontes/providers/Microsoft.Network/loadBalancers/FGT-Customer-InternalLoadBalancer/backendAddressPools/FGT-Customer-ILB-FortinetInternalSubnet-BackEnd",
            "id": "/subscriptions/b851d0d9-9a10-4098-9269-35e85eb3a698/resourceGroups/rsg-thiagopontes/providers/Microsoft.Network/networkInterfaces/FGT-Customer01-Nic2/ipConfigurations/ipconfig1|/subscriptions/b851d0d9-9a10-4098-9269-35e85eb3a698/resourceGroups/rsg-thiagopontes/providers/Microsoft.Network/loadBalancers/FGT-Customer-InternalLoadBalancer/backendAddressPools/FGT-Customer-ILB-FortinetInternalSubnet-BackEnd",
            "ip_configuration_name": "ipconfig1",
            "network_interface_id": "/subscriptions/b851d0d9-9a10-4098-9269-35e85eb3a698/resourceGroups/rsg-thiagopontes/providers/Microsoft.Network/networkInterfaces/FGT-Customer01-Nic2",
            "timeouts": null
          },
          "sensitive_attributes": [],
          "private": "eyJlMmJmYjczMC1lY2FhLTExZTYtOGY4OC0zNDM2M2JjN2M0YzAiOnsiY3JlYXRlIjoxODAwMDAwMDAwMDAwLCJkZWxldGUiOjE4MDAwMDAwMDAwMDAsInJlYWQiOjMwMDAwMDAwMDAwMH19",
          "dependencies": [
            "azurerm_lb.internalLB",
            "azurerm_lb_backend_address_pool.res-10",
            "azurerm_network_interface.activeport2",
            "azurerm_resource_group.res-0",
            "azurerm_subnet.privatesubnet",
            "azurerm_virtual_network.res-40"
          ]
        }
      ]
    },
    {
      "mode": "managed",
      "type": "azurerm_network_interface_backend_address_pool_association",
      "name": "res-22",
      "provider": "provider[\"registry.terraform.io/hashicorp/azurerm\"]",
      "instances": [
        {
          "schema_version": 0,
          "attributes": {
            "backend_address_pool_id": "/subscriptions/b851d0d9-9a10-4098-9269-35e85eb3a698/resourceGroups/rsg-thiagopontes/providers/Microsoft.Network/loadBalancers/FGT-Customer-ExternalLoadBalancer/backendAddressPools/FGT-Customer-ELB-FortinetExternalSubnet-BackEnd",
            "id": "/subscriptions/b851d0d9-9a10-4098-9269-35e85eb3a698/resourceGroups/rsg-thiagopontes/providers/Microsoft.Network/networkInterfaces/FGT-Customer02-Nic1/ipConfigurations/ipconfig1|/subscriptions/b851d0d9-9a10-4098-9269-35e85eb3a698/resourceGroups/rsg-thiagopontes/providers/Microsoft.Network/loadBalancers/FGT-Customer-ExternalLoadBalancer/backendAddressPools/FGT-Customer-ELB-FortinetExternalSubnet-BackEnd",
            "ip_configuration_name": "ipconfig1",
            "network_interface_id": "/subscriptions/b851d0d9-9a10-4098-9269-35e85eb3a698/resourceGroups/rsg-thiagopontes/providers/Microsoft.Network/networkInterfaces/FGT-Customer02-Nic1",
            "timeouts": null
          },
          "sensitive_attributes": [],
          "private": "eyJlMmJmYjczMC1lY2FhLTExZTYtOGY4OC0zNDM2M2JjN2M0YzAiOnsiY3JlYXRlIjoxODAwMDAwMDAwMDAwLCJkZWxldGUiOjE4MDAwMDAwMDAwMDAsInJlYWQiOjMwMDAwMDAwMDAwMH19",
          "dependencies": [
            "azurerm_lb.externalLB",
            "azurerm_lb_backend_address_pool.res-8",
            "azurerm_network_interface.passiveport1",
            "azurerm_public_ip.ClusterPublicIP",
            "azurerm_resource_group.res-0",
            "azurerm_subnet.publicsubnet",
            "azurerm_virtual_network.res-40"
          ]
        }
      ]
    },
    {
      "mode": "managed",
      "type": "azurerm_network_interface_backend_address_pool_association",
      "name": "res-25",
      "provider": "provider[\"registry.terraform.io/hashicorp/azurerm\"]",
      "instances": [
        {
          "schema_version": 0,
          "attributes": {
            "backend_address_pool_id": "/subscriptions/b851d0d9-9a10-4098-9269-35e85eb3a698/resourceGroups/rsg-thiagopontes/providers/Microsoft.Network/loadBalancers/FGT-Customer-InternalLoadBalancer/backendAddressPools/FGT-Customer-ILB-FortinetInternalSubnet-BackEnd",
            "id": "/subscriptions/b851d0d9-9a10-4098-9269-35e85eb3a698/resourceGroups/rsg-thiagopontes/providers/Microsoft.Network/networkInterfaces/FGT-Customer02-Nic2/ipConfigurations/ipconfig1|/subscriptions/b851d0d9-9a10-4098-9269-35e85eb3a698/resourceGroups/rsg-thiagopontes/providers/Microsoft.Network/loadBalancers/FGT-Customer-InternalLoadBalancer/backendAddressPools/FGT-Customer-ILB-FortinetInternalSubnet-BackEnd",
            "ip_configuration_name": "ipconfig1",
            "network_interface_id": "/subscriptions/b851d0d9-9a10-4098-9269-35e85eb3a698/resourceGroups/rsg-thiagopontes/providers/Microsoft.Network/networkInterfaces/FGT-Customer02-Nic2",
            "timeouts": null
          },
          "sensitive_attributes": [],
          "private": "eyJlMmJmYjczMC1lY2FhLTExZTYtOGY4OC0zNDM2M2JjN2M0YzAiOnsiY3JlYXRlIjoxODAwMDAwMDAwMDAwLCJkZWxldGUiOjE4MDAwMDAwMDAwMDAsInJlYWQiOjMwMDAwMDAwMDAwMH19",
          "dependencies": [
            "azurerm_lb.internalLB",
            "azurerm_lb_backend_address_pool.res-10",
            "azurerm_network_interface.passiveport2",
            "azurerm_resource_group.res-0",
            "azurerm_subnet.privatesubnet",
            "azurerm_virtual_network.res-40"
          ]
        }
      ]
    },
    {
      "mode": "managed",
      "type": "azurerm_network_interface_security_group_association",
      "name": "res-13",
      "provider": "provider[\"registry.terraform.io/hashicorp/azurerm\"]",
      "instances": [
        {
          "schema_version": 0,
          "attributes": {
            "id": "/subscriptions/b851d0d9-9a10-4098-9269-35e85eb3a698/resourceGroups/rsg-thiagopontes/providers/Microsoft.Network/networkInterfaces/FGT-Customer01-Nic1|/subscriptions/b851d0d9-9a10-4098-9269-35e85eb3a698/resourceGroups/rsg-thiagopontes/providers/Microsoft.Network/networkSecurityGroups/FGT-Customer-anrsqfr4sbm2u-NSG",
            "network_interface_id": "/subscriptions/b851d0d9-9a10-4098-9269-35e85eb3a698/resourceGroups/rsg-thiagopontes/providers/Microsoft.Network/networkInterfaces/FGT-Customer01-Nic1",
            "network_security_group_id": "/subscriptions/b851d0d9-9a10-4098-9269-35e85eb3a698/resourceGroups/rsg-thiagopontes/providers/Microsoft.Network/networkSecurityGroups/FGT-Customer-anrsqfr4sbm2u-NSG",
            "timeouts": null
          },
          "sensitive_attributes": [],
          "private": "eyJlMmJmYjczMC1lY2FhLTExZTYtOGY4OC0zNDM2M2JjN2M0YzAiOnsiY3JlYXRlIjoxODAwMDAwMDAwMDAwLCJkZWxldGUiOjE4MDAwMDAwMDAwMDAsInJlYWQiOjMwMDAwMDAwMDAwMH19",
          "dependencies": [
            "azurerm_network_interface.activeport1",
            "azurerm_network_security_group.res-31",
            "azurerm_resource_group.res-0",
            "azurerm_subnet.publicsubnet",
            "azurerm_virtual_network.res-40"
          ]
        }
      ]
    },
    {
      "mode": "managed",
      "type": "azurerm_network_interface_security_group_association",
      "name": "res-16",
      "provider": "provider[\"registry.terraform.io/hashicorp/azurerm\"]",
      "instances": [
        {
          "schema_version": 0,
          "attributes": {
            "id": "/subscriptions/b851d0d9-9a10-4098-9269-35e85eb3a698/resourceGroups/rsg-thiagopontes/providers/Microsoft.Network/networkInterfaces/FGT-Customer01-Nic2|/subscriptions/b851d0d9-9a10-4098-9269-35e85eb3a698/resourceGroups/rsg-thiagopontes/providers/Microsoft.Network/networkSecurityGroups/FGT-Customer-anrsqfr4sbm2u-NSG",
            "network_interface_id": "/subscriptions/b851d0d9-9a10-4098-9269-35e85eb3a698/resourceGroups/rsg-thiagopontes/providers/Microsoft.Network/networkInterfaces/FGT-Customer01-Nic2",
            "network_security_group_id": "/subscriptions/b851d0d9-9a10-4098-9269-35e85eb3a698/resourceGroups/rsg-thiagopontes/providers/Microsoft.Network/networkSecurityGroups/FGT-Customer-anrsqfr4sbm2u-NSG",
            "timeouts": null
          },
          "sensitive_attributes": [],
          "private": "eyJlMmJmYjczMC1lY2FhLTExZTYtOGY4OC0zNDM2M2JjN2M0YzAiOnsiY3JlYXRlIjoxODAwMDAwMDAwMDAwLCJkZWxldGUiOjE4MDAwMDAwMDAwMDAsInJlYWQiOjMwMDAwMDAwMDAwMH19",
          "dependencies": [
            "azurerm_network_interface.activeport2",
            "azurerm_network_security_group.res-31",
            "azurerm_resource_group.res-0",
            "azurerm_subnet.privatesubnet",
            "azurerm_virtual_network.res-40"
          ]
        }
      ]
    },
    {
      "mode": "managed",
      "type": "azurerm_network_interface_security_group_association",
      "name": "res-18",
      "provider": "provider[\"registry.terraform.io/hashicorp/azurerm\"]",
      "instances": [
        {
          "schema_version": 0,
          "attributes": {
            "id": "/subscriptions/b851d0d9-9a10-4098-9269-35e85eb3a698/resourceGroups/rsg-thiagopontes/providers/Microsoft.Network/networkInterfaces/FGT-Customer01-Nic3|/subscriptions/b851d0d9-9a10-4098-9269-35e85eb3a698/resourceGroups/rsg-thiagopontes/providers/Microsoft.Network/networkSecurityGroups/FGT-Customer-anrsqfr4sbm2u-NSG",
            "network_interface_id": "/subscriptions/b851d0d9-9a10-4098-9269-35e85eb3a698/resourceGroups/rsg-thiagopontes/providers/Microsoft.Network/networkInterfaces/FGT-Customer01-Nic3",
            "network_security_group_id": "/subscriptions/b851d0d9-9a10-4098-9269-35e85eb3a698/resourceGroups/rsg-thiagopontes/providers/Microsoft.Network/networkSecurityGroups/FGT-Customer-anrsqfr4sbm2u-NSG",
            "timeouts": null
          },
          "sensitive_attributes": [],
          "private": "eyJlMmJmYjczMC1lY2FhLTExZTYtOGY4OC0zNDM2M2JjN2M0YzAiOnsiY3JlYXRlIjoxODAwMDAwMDAwMDAwLCJkZWxldGUiOjE4MDAwMDAwMDAwMDAsInJlYWQiOjMwMDAwMDAwMDAwMH19",
          "dependencies": [
            "azurerm_network_interface.activeport3",
            "azurerm_network_security_group.res-31",
            "azurerm_resource_group.res-0",
            "azurerm_subnet.hasyncsubnet",
            "azurerm_virtual_network.res-40"
          ]
        }
      ]
    },
    {
      "mode": "managed",
      "type": "azurerm_network_interface_security_group_association",
      "name": "res-20",
      "provider": "provider[\"registry.terraform.io/hashicorp/azurerm\"]",
      "instances": [
        {
          "schema_version": 0,
          "attributes": {
            "id": "/subscriptions/b851d0d9-9a10-4098-9269-35e85eb3a698/resourceGroups/rsg-thiagopontes/providers/Microsoft.Network/networkInterfaces/FGT-Customer01-Nic4|/subscriptions/b851d0d9-9a10-4098-9269-35e85eb3a698/resourceGroups/rsg-thiagopontes/providers/Microsoft.Network/networkSecurityGroups/FGT-Customer-anrsqfr4sbm2u-NSG",
            "network_interface_id": "/subscriptions/b851d0d9-9a10-4098-9269-35e85eb3a698/resourceGroups/rsg-thiagopontes/providers/Microsoft.Network/networkInterfaces/FGT-Customer01-Nic4",
            "network_security_group_id": "/subscriptions/b851d0d9-9a10-4098-9269-35e85eb3a698/resourceGroups/rsg-thiagopontes/providers/Microsoft.Network/networkSecurityGroups/FGT-Customer-anrsqfr4sbm2u-NSG",
            "timeouts": null
          },
          "sensitive_attributes": [],
          "private": "eyJlMmJmYjczMC1lY2FhLTExZTYtOGY4OC0zNDM2M2JjN2M0YzAiOnsiY3JlYXRlIjoxODAwMDAwMDAwMDAwLCJkZWxldGUiOjE4MDAwMDAwMDAwMDAsInJlYWQiOjMwMDAwMDAwMDAwMH19",
          "dependencies": [
            "azurerm_network_interface.activeport4",
            "azurerm_network_security_group.res-31",
            "azurerm_public_ip.ActiveMGMTIP",
            "azurerm_resource_group.res-0",
            "azurerm_subnet.mgmtsubnet",
            "azurerm_virtual_network.res-40"
          ]
        }
      ]
    },
    {
      "mode": "managed",
      "type": "azurerm_network_interface_security_group_association",
      "name": "res-23",
      "provider": "provider[\"registry.terraform.io/hashicorp/azurerm\"]",
      "instances": [
        {
          "schema_version": 0,
          "attributes": {
            "id": "/subscriptions/b851d0d9-9a10-4098-9269-35e85eb3a698/resourceGroups/rsg-thiagopontes/providers/Microsoft.Network/networkInterfaces/FGT-Customer02-Nic1|/subscriptions/b851d0d9-9a10-4098-9269-35e85eb3a698/resourceGroups/rsg-thiagopontes/providers/Microsoft.Network/networkSecurityGroups/FGT-Customer-anrsqfr4sbm2u-NSG",
            "network_interface_id": "/subscriptions/b851d0d9-9a10-4098-9269-35e85eb3a698/resourceGroups/rsg-thiagopontes/providers/Microsoft.Network/networkInterfaces/FGT-Customer02-Nic1",
            "network_security_group_id": "/subscriptions/b851d0d9-9a10-4098-9269-35e85eb3a698/resourceGroups/rsg-thiagopontes/providers/Microsoft.Network/networkSecurityGroups/FGT-Customer-anrsqfr4sbm2u-NSG",
            "timeouts": null
          },
          "sensitive_attributes": [],
          "private": "eyJlMmJmYjczMC1lY2FhLTExZTYtOGY4OC0zNDM2M2JjN2M0YzAiOnsiY3JlYXRlIjoxODAwMDAwMDAwMDAwLCJkZWxldGUiOjE4MDAwMDAwMDAwMDAsInJlYWQiOjMwMDAwMDAwMDAwMH19",
          "dependencies": [
            "azurerm_network_interface.passiveport1",
            "azurerm_network_security_group.res-31",
            "azurerm_resource_group.res-0",
            "azurerm_subnet.publicsubnet",
            "azurerm_virtual_network.res-40"
          ]
        }
      ]
    },
    {
      "mode": "managed",
      "type": "azurerm_network_interface_security_group_association",
      "name": "res-26",
      "provider": "provider[\"registry.terraform.io/hashicorp/azurerm\"]",
      "instances": [
        {
          "schema_version": 0,
          "attributes": {
            "id": "/subscriptions/b851d0d9-9a10-4098-9269-35e85eb3a698/resourceGroups/rsg-thiagopontes/providers/Microsoft.Network/networkInterfaces/FGT-Customer02-Nic2|/subscriptions/b851d0d9-9a10-4098-9269-35e85eb3a698/resourceGroups/rsg-thiagopontes/providers/Microsoft.Network/networkSecurityGroups/FGT-Customer-anrsqfr4sbm2u-NSG",
            "network_interface_id": "/subscriptions/b851d0d9-9a10-4098-9269-35e85eb3a698/resourceGroups/rsg-thiagopontes/providers/Microsoft.Network/networkInterfaces/FGT-Customer02-Nic2",
            "network_security_group_id": "/subscriptions/b851d0d9-9a10-4098-9269-35e85eb3a698/resourceGroups/rsg-thiagopontes/providers/Microsoft.Network/networkSecurityGroups/FGT-Customer-anrsqfr4sbm2u-NSG",
            "timeouts": null
          },
          "sensitive_attributes": [],
          "private": "eyJlMmJmYjczMC1lY2FhLTExZTYtOGY4OC0zNDM2M2JjN2M0YzAiOnsiY3JlYXRlIjoxODAwMDAwMDAwMDAwLCJkZWxldGUiOjE4MDAwMDAwMDAwMDAsInJlYWQiOjMwMDAwMDAwMDAwMH19",
          "dependencies": [
            "azurerm_network_interface.passiveport2",
            "azurerm_network_security_group.res-31",
            "azurerm_resource_group.res-0",
            "azurerm_subnet.privatesubnet",
            "azurerm_virtual_network.res-40"
          ]
        }
      ]
    },
    {
      "mode": "managed",
      "type": "azurerm_network_interface_security_group_association",
      "name": "res-28",
      "provider": "provider[\"registry.terraform.io/hashicorp/azurerm\"]",
      "instances": [
        {
          "schema_version": 0,
          "attributes": {
            "id": "/subscriptions/b851d0d9-9a10-4098-9269-35e85eb3a698/resourceGroups/rsg-thiagopontes/providers/Microsoft.Network/networkInterfaces/FGT-Customer02-Nic3|/subscriptions/b851d0d9-9a10-4098-9269-35e85eb3a698/resourceGroups/rsg-thiagopontes/providers/Microsoft.Network/networkSecurityGroups/FGT-Customer-anrsqfr4sbm2u-NSG",
            "network_interface_id": "/subscriptions/b851d0d9-9a10-4098-9269-35e85eb3a698/resourceGroups/rsg-thiagopontes/providers/Microsoft.Network/networkInterfaces/FGT-Customer02-Nic3",
            "network_security_group_id": "/subscriptions/b851d0d9-9a10-4098-9269-35e85eb3a698/resourceGroups/rsg-thiagopontes/providers/Microsoft.Network/networkSecurityGroups/FGT-Customer-anrsqfr4sbm2u-NSG",
            "timeouts": null
          },
          "sensitive_attributes": [],
          "private": "eyJlMmJmYjczMC1lY2FhLTExZTYtOGY4OC0zNDM2M2JjN2M0YzAiOnsiY3JlYXRlIjoxODAwMDAwMDAwMDAwLCJkZWxldGUiOjE4MDAwMDAwMDAwMDAsInJlYWQiOjMwMDAwMDAwMDAwMH19",
          "dependencies": [
            "azurerm_network_interface.passiveport3",
            "azurerm_network_security_group.res-31",
            "azurerm_resource_group.res-0",
            "azurerm_subnet.hasyncsubnet",
            "azurerm_virtual_network.res-40"
          ]
        }
      ]
    },
    {
      "mode": "managed",
      "type": "azurerm_network_interface_security_group_association",
      "name": "res-30",
      "provider": "provider[\"registry.terraform.io/hashicorp/azurerm\"]",
      "instances": [
        {
          "schema_version": 0,
          "attributes": {
            "id": "/subscriptions/b851d0d9-9a10-4098-9269-35e85eb3a698/resourceGroups/rsg-thiagopontes/providers/Microsoft.Network/networkInterfaces/FGT-Customer02-Nic4|/subscriptions/b851d0d9-9a10-4098-9269-35e85eb3a698/resourceGroups/rsg-thiagopontes/providers/Microsoft.Network/networkSecurityGroups/FGT-Customer-anrsqfr4sbm2u-NSG",
            "network_interface_id": "/subscriptions/b851d0d9-9a10-4098-9269-35e85eb3a698/resourceGroups/rsg-thiagopontes/providers/Microsoft.Network/networkInterfaces/FGT-Customer02-Nic4",
            "network_security_group_id": "/subscriptions/b851d0d9-9a10-4098-9269-35e85eb3a698/resourceGroups/rsg-thiagopontes/providers/Microsoft.Network/networkSecurityGroups/FGT-Customer-anrsqfr4sbm2u-NSG",
            "timeouts": null
          },
          "sensitive_attributes": [],
          "private": "eyJlMmJmYjczMC1lY2FhLTExZTYtOGY4OC0zNDM2M2JjN2M0YzAiOnsiY3JlYXRlIjoxODAwMDAwMDAwMDAwLCJkZWxldGUiOjE4MDAwMDAwMDAwMDAsInJlYWQiOjMwMDAwMDAwMDAwMH19",
          "dependencies": [
            "azurerm_network_interface.passiveport4",
            "azurerm_network_security_group.res-31",
            "azurerm_public_ip.PassiveMGMTIP",
            "azurerm_resource_group.res-0",
            "azurerm_subnet.mgmtsubnet",
            "azurerm_virtual_network.res-40"
          ]
        }
      ]
    },
    {
      "mode": "managed",
      "type": "azurerm_network_security_group",
      "name": "res-31",
      "provider": "provider[\"registry.terraform.io/hashicorp/azurerm\"]",
      "instances": [
        {
          "schema_version": 0,
          "attributes": {
            "id": "/subscriptions/b851d0d9-9a10-4098-9269-35e85eb3a698/resourceGroups/rsg-thiagopontes/providers/Microsoft.Network/networkSecurityGroups/FGT-Customer-anrsqfr4sbm2u-NSG",
            "location": "eastus",
            "name": "FGT-Customer-anrsqfr4sbm2u-NSG",
            "resource_group_name": "rsg-thiagopontes",
            "security_rule": [
              {
                "access": "Allow",
                "description": "Allow all in",
                "destination_address_prefix": "*",
                "destination_address_prefixes": [],
                "destination_application_security_group_ids": [],
                "destination_port_range": "*",
                "destination_port_ranges": [],
                "direction": "Inbound",
                "name": "AllowAllInbound",
                "priority": 100,
                "protocol": "*",
                "source_address_prefix": "*",
                "source_address_prefixes": [],
                "source_application_security_group_ids": [],
                "source_port_range": "*",
                "source_port_ranges": []
              },
              {
                "access": "Allow",
                "description": "Allow all out",
                "destination_address_prefix": "*",
                "destination_address_prefixes": [],
                "destination_application_security_group_ids": [],
                "destination_port_range": "*",
                "destination_port_ranges": [],
                "direction": "Outbound",
                "name": "AllowAllOutbound",
                "priority": 105,
                "protocol": "*",
                "source_address_prefix": "*",
                "source_address_prefixes": [],
                "source_application_security_group_ids": [],
                "source_port_range": "*",
                "source_port_ranges": []
              }
            ],
            "tags": {
              "provider": "6EB3B02F-50E5-4A3E-8CB8-2E12925831AP"
            },
            "timeouts": null
          },
          "sensitive_attributes": [],
          "private": "eyJlMmJmYjczMC1lY2FhLTExZTYtOGY4OC0zNDM2M2JjN2M0YzAiOnsiY3JlYXRlIjoxODAwMDAwMDAwMDAwLCJkZWxldGUiOjE4MDAwMDAwMDAwMDAsInJlYWQiOjMwMDAwMDAwMDAwMCwidXBkYXRlIjoxODAwMDAwMDAwMDAwfX0=",
          "dependencies": [
            "azurerm_resource_group.res-0"
          ]
        }
      ]
    },
    {
      "mode": "managed",
      "type": "azurerm_network_security_rule",
      "name": "res-32",
      "provider": "provider[\"registry.terraform.io/hashicorp/azurerm\"]",
      "instances": [
        {
          "schema_version": 0,
          "attributes": {
            "access": "Allow",
            "description": "Allow all in",
            "destination_address_prefix": "*",
            "destination_address_prefixes": [],
            "destination_application_security_group_ids": [],
            "destination_port_range": "*",
            "destination_port_ranges": [],
            "direction": "Inbound",
            "id": "/subscriptions/b851d0d9-9a10-4098-9269-35e85eb3a698/resourceGroups/rsg-thiagopontes/providers/Microsoft.Network/networkSecurityGroups/FGT-Customer-anrsqfr4sbm2u-NSG/securityRules/AllowAllInbound",
            "name": "AllowAllInbound",
            "network_security_group_name": "FGT-Customer-anrsqfr4sbm2u-NSG",
            "priority": 100,
            "protocol": "*",
            "resource_group_name": "rsg-thiagopontes",
            "source_address_prefix": "*",
            "source_address_prefixes": [],
            "source_application_security_group_ids": [],
            "source_port_range": "*",
            "source_port_ranges": [],
            "timeouts": null
          },
          "sensitive_attributes": [],
          "private": "eyJlMmJmYjczMC1lY2FhLTExZTYtOGY4OC0zNDM2M2JjN2M0YzAiOnsiY3JlYXRlIjoxODAwMDAwMDAwMDAwLCJkZWxldGUiOjE4MDAwMDAwMDAwMDAsInJlYWQiOjMwMDAwMDAwMDAwMCwidXBkYXRlIjoxODAwMDAwMDAwMDAwfX0=",
          "dependencies": [
            "azurerm_network_security_group.res-31",
            "azurerm_resource_group.res-0"
          ]
        }
      ]
    },
    {
      "mode": "managed",
      "type": "azurerm_network_security_rule",
      "name": "res-33",
      "provider": "provider[\"registry.terraform.io/hashicorp/azurerm\"]",
      "instances": [
        {
          "schema_version": 0,
          "attributes": {
            "access": "Allow",
            "description": "Allow all out",
            "destination_address_prefix": "*",
            "destination_address_prefixes": [],
            "destination_application_security_group_ids": [],
            "destination_port_range": "*",
            "destination_port_ranges": [],
            "direction": "Outbound",
            "id": "/subscriptions/b851d0d9-9a10-4098-9269-35e85eb3a698/resourceGroups/rsg-thiagopontes/providers/Microsoft.Network/networkSecurityGroups/FGT-Customer-anrsqfr4sbm2u-NSG/securityRules/AllowAllOutbound",
            "name": "AllowAllOutbound",
            "network_security_group_name": "FGT-Customer-anrsqfr4sbm2u-NSG",
            "priority": 105,
            "protocol": "*",
            "resource_group_name": "rsg-thiagopontes",
            "source_address_prefix": "*",
            "source_address_prefixes": [],
            "source_application_security_group_ids": [],
            "source_port_range": "*",
            "source_port_ranges": [],
            "timeouts": null
          },
          "sensitive_attributes": [],
          "private": "eyJlMmJmYjczMC1lY2FhLTExZTYtOGY4OC0zNDM2M2JjN2M0YzAiOnsiY3JlYXRlIjoxODAwMDAwMDAwMDAwLCJkZWxldGUiOjE4MDAwMDAwMDAwMDAsInJlYWQiOjMwMDAwMDAwMDAwMCwidXBkYXRlIjoxODAwMDAwMDAwMDAwfX0=",
          "dependencies": [
            "azurerm_network_security_group.res-31",
            "azurerm_resource_group.res-0"
          ]
        }
      ]
    },
    {
      "mode": "managed",
      "type": "azurerm_public_ip",
      "name": "ActiveMGMTIP",
      "provider": "provider[\"registry.terraform.io/hashicorp/azurerm\"]",
      "instances": [
        {
          "schema_version": 0,
          "attributes": {
            "allocation_method": "Static",
            "ddos_protection_mode": "VirtualNetworkInherited",
            "ddos_protection_plan_id": null,
            "domain_name_label": null,
            "edge_zone": "",
            "fqdn": null,
            "id": "/subscriptions/b851d0d9-9a10-4098-9269-35e85eb3a698/resourceGroups/rsg-thiagopontes/providers/Microsoft.Network/publicIPAddresses/FGT-Customer-FGT-A-MGMT-PIP",
            "idle_timeout_in_minutes": 4,
            "ip_address": "4.255.16.193",
            "ip_tags": {},
            "ip_version": "IPv4",
            "location": "eastus",
            "name": "FGT-Customer-FGT-A-MGMT-PIP",
            "public_ip_prefix_id": null,
            "resource_group_name": "rsg-thiagopontes",
            "reverse_fqdn": null,
            "sku": "Standard",
            "sku_tier": "Regional",
            "tags": {
              "provider": "6EB3B02F-50E5-4A3E-8CB8-2E12925831AP"
            },
            "timeouts": null,
            "zones": [
              "1",
              "2",
              "3"
            ]
          },
          "sensitive_attributes": [],
          "private": "eyJlMmJmYjczMC1lY2FhLTExZTYtOGY4OC0zNDM2M2JjN2M0YzAiOnsiY3JlYXRlIjoxODAwMDAwMDAwMDAwLCJkZWxldGUiOjE4MDAwMDAwMDAwMDAsInJlYWQiOjMwMDAwMDAwMDAwMCwidXBkYXRlIjoxODAwMDAwMDAwMDAwfX0=",
          "dependencies": [
            "azurerm_resource_group.res-0"
          ]
        }
      ]
    },
    {
      "mode": "managed",
      "type": "azurerm_public_ip",
      "name": "ClusterPublicIP",
      "provider": "provider[\"registry.terraform.io/hashicorp/azurerm\"]",
      "instances": [
        {
          "schema_version": 0,
          "attributes": {
            "allocation_method": "Static",
            "ddos_protection_mode": "VirtualNetworkInherited",
            "ddos_protection_plan_id": null,
            "domain_name_label": "fgt-customer-anrsqfr4sbm2u",
            "edge_zone": "",
            "fqdn": "fgt-customer-anrsqfr4sbm2u.eastus.cloudapp.azure.com",
            "id": "/subscriptions/b851d0d9-9a10-4098-9269-35e85eb3a698/resourceGroups/rsg-thiagopontes/providers/Microsoft.Network/publicIPAddresses/FGT-Customer-FGT-PIP",
            "idle_timeout_in_minutes": 4,
            "ip_address": "4.255.17.66",
            "ip_tags": {},
            "ip_version": "IPv4",
            "location": "eastus",
            "name": "FGT-Customer-FGT-PIP",
            "public_ip_prefix_id": null,
            "resource_group_name": "rsg-thiagopontes",
            "reverse_fqdn": "",
            "sku": "Standard",
            "sku_tier": "Regional",
            "tags": {
              "provider": "6EB3B02F-50E5-4A3E-8CB8-2E12925831AP"
            },
            "timeouts": null,
            "zones": [
              "1",
              "2",
              "3"
            ]
          },
          "sensitive_attributes": [],
          "private": "eyJlMmJmYjczMC1lY2FhLTExZTYtOGY4OC0zNDM2M2JjN2M0YzAiOnsiY3JlYXRlIjoxODAwMDAwMDAwMDAwLCJkZWxldGUiOjE4MDAwMDAwMDAwMDAsInJlYWQiOjMwMDAwMDAwMDAwMCwidXBkYXRlIjoxODAwMDAwMDAwMDAwfX0=",
          "dependencies": [
            "azurerm_resource_group.res-0"
          ]
        }
      ]
    },
    {
      "mode": "managed",
      "type": "azurerm_public_ip",
      "name": "PassiveMGMTIP",
      "provider": "provider[\"registry.terraform.io/hashicorp/azurerm\"]",
      "instances": [
        {
          "schema_version": 0,
          "attributes": {
            "allocation_method": "Static",
            "ddos_protection_mode": "VirtualNetworkInherited",
            "ddos_protection_plan_id": null,
            "domain_name_label": null,
            "edge_zone": "",
            "fqdn": null,
            "id": "/subscriptions/b851d0d9-9a10-4098-9269-35e85eb3a698/resourceGroups/rsg-thiagopontes/providers/Microsoft.Network/publicIPAddresses/FGT-Customer-FGT-B-MGMT-PIP",
            "idle_timeout_in_minutes": 4,
            "ip_address": "4.255.17.44",
            "ip_tags": {},
            "ip_version": "IPv4",
            "location": "eastus",
            "name": "FGT-Customer-FGT-B-MGMT-PIP",
            "public_ip_prefix_id": null,
            "resource_group_name": "rsg-thiagopontes",
            "reverse_fqdn": null,
            "sku": "Standard",
            "sku_tier": "Regional",
            "tags": {
              "provider": "6EB3B02F-50E5-4A3E-8CB8-2E12925831AP"
            },
            "timeouts": null,
            "zones": [
              "1",
              "2",
              "3"
            ]
          },
          "sensitive_attributes": [],
          "private": "eyJlMmJmYjczMC1lY2FhLTExZTYtOGY4OC0zNDM2M2JjN2M0YzAiOnsiY3JlYXRlIjoxODAwMDAwMDAwMDAwLCJkZWxldGUiOjE4MDAwMDAwMDAwMDAsInJlYWQiOjMwMDAwMDAwMDAwMCwidXBkYXRlIjoxODAwMDAwMDAwMDAwfX0=",
          "dependencies": [
            "azurerm_resource_group.res-0"
          ]
        }
      ]
    },
    {
      "mode": "managed",
      "type": "azurerm_resource_group",
      "name": "res-0",
      "provider": "provider[\"registry.terraform.io/hashicorp/azurerm\"]",
      "instances": [
        {
          "schema_version": 0,
          "attributes": {
            "id": "/subscriptions/b851d0d9-9a10-4098-9269-35e85eb3a698/resourceGroups/rsg-thiagopontes",
            "location": "eastus",
            "managed_by": "",
            "name": "rsg-thiagopontes",
            "tags": {
              "Source": "terraform"
            },
            "timeouts": null
          },
          "sensitive_attributes": [],
          "private": "eyJlMmJmYjczMC1lY2FhLTExZTYtOGY4OC0zNDM2M2JjN2M0YzAiOnsiY3JlYXRlIjo1NDAwMDAwMDAwMDAwLCJkZWxldGUiOjU0MDAwMDAwMDAwMDAsInJlYWQiOjMwMDAwMDAwMDAwMCwidXBkYXRlIjo1NDAwMDAwMDAwMDAwfX0="
        }
      ]
    },
    {
      "mode": "managed",
      "type": "azurerm_route",
      "name": "default",
      "provider": "provider[\"registry.terraform.io/hashicorp/azurerm\"]",
      "instances": [
        {
          "schema_version": 0,
          "attributes": {
            "address_prefix": "0.0.0.0/0",
            "id": "/subscriptions/b851d0d9-9a10-4098-9269-35e85eb3a698/resourceGroups/rsg-thiagopontes/providers/Microsoft.Network/routeTables/InternalRouteTable1/routes/default",
            "name": "default",
            "next_hop_in_ip_address": "172.18.10.4",
            "next_hop_type": "VirtualAppliance",
            "resource_group_name": "rsg-thiagopontes",
            "route_table_name": "InternalRouteTable1",
            "timeouts": null
          },
          "sensitive_attributes": [],
          "private": "eyJlMmJmYjczMC1lY2FhLTExZTYtOGY4OC0zNDM2M2JjN2M0YzAiOnsiY3JlYXRlIjoxODAwMDAwMDAwMDAwLCJkZWxldGUiOjE4MDAwMDAwMDAwMDAsInJlYWQiOjMwMDAwMDAwMDAwMCwidXBkYXRlIjoxODAwMDAwMDAwMDAwfX0=",
          "dependencies": [
            "azurerm_linux_virtual_machine.passivefgtvm",
            "azurerm_network_interface.passiveport1",
            "azurerm_network_interface.passiveport2",
            "azurerm_network_interface.passiveport3",
            "azurerm_network_interface.passiveport4",
            "azurerm_public_ip.ClusterPublicIP",
            "azurerm_public_ip.PassiveMGMTIP",
            "azurerm_resource_group.res-0",
            "azurerm_route_table.internal",
            "azurerm_subnet.hasyncsubnet",
            "azurerm_subnet.mgmtsubnet",
            "azurerm_subnet.privatesubnet",
            "azurerm_subnet.publicsubnet",
            "azurerm_virtual_network.res-40"
          ]
        }
      ]
    },
    {
      "mode": "managed",
      "type": "azurerm_route_table",
      "name": "internal",
      "provider": "provider[\"registry.terraform.io/hashicorp/azurerm\"]",
      "instances": [
        {
          "schema_version": 0,
          "attributes": {
            "disable_bgp_route_propagation": false,
            "id": "/subscriptions/b851d0d9-9a10-4098-9269-35e85eb3a698/resourceGroups/rsg-thiagopontes/providers/Microsoft.Network/routeTables/InternalRouteTable1",
            "location": "eastus",
            "name": "InternalRouteTable1",
            "resource_group_name": "rsg-thiagopontes",
            "route": [
              {
                "address_prefix": "0.0.0.0/0",
                "name": "default",
                "next_hop_in_ip_address": "172.18.10.4",
                "next_hop_type": "VirtualAppliance"
              }
            ],
            "subnets": [
              "/subscriptions/b851d0d9-9a10-4098-9269-35e85eb3a698/resourceGroups/rsg-thiagopontes/providers/Microsoft.Network/virtualNetworks/Vnet-Customer-Sdwan/subnets/FortinetInternalSubnet"
            ],
            "tags": {},
            "timeouts": null
          },
          "sensitive_attributes": [],
          "private": "eyJlMmJmYjczMC1lY2FhLTExZTYtOGY4OC0zNDM2M2JjN2M0YzAiOnsiY3JlYXRlIjoxODAwMDAwMDAwMDAwLCJkZWxldGUiOjE4MDAwMDAwMDAwMDAsInJlYWQiOjMwMDAwMDAwMDAwMCwidXBkYXRlIjoxODAwMDAwMDAwMDAwfX0=",
          "dependencies": [
            "azurerm_resource_group.res-0"
          ]
        }
      ]
    },
    {
      "mode": "managed",
      "type": "azurerm_subnet",
      "name": "hasyncsubnet",
      "provider": "provider[\"registry.terraform.io/hashicorp/azurerm\"]",
      "instances": [
        {
          "schema_version": 0,
          "attributes": {
            "address_prefixes": [
              "172.18.10.192/26"
            ],
            "delegation": [],
            "enforce_private_link_endpoint_network_policies": false,
            "enforce_private_link_service_network_policies": false,
            "id": "/subscriptions/b851d0d9-9a10-4098-9269-35e85eb3a698/resourceGroups/rsg-thiagopontes/providers/Microsoft.Network/virtualNetworks/Vnet-Customer-Sdwan/subnets/FortinetHASyncSubnet",
            "name": "FortinetHASyncSubnet",
            "private_endpoint_network_policies_enabled": true,
            "private_link_service_network_policies_enabled": true,
            "resource_group_name": "rsg-thiagopontes",
            "service_endpoint_policy_ids": [],
            "service_endpoints": [],
            "timeouts": null,
            "virtual_network_name": "Vnet-Customer-Sdwan"
          },
          "sensitive_attributes": [],
          "private": "eyJlMmJmYjczMC1lY2FhLTExZTYtOGY4OC0zNDM2M2JjN2M0YzAiOnsiY3JlYXRlIjoxODAwMDAwMDAwMDAwLCJkZWxldGUiOjE4MDAwMDAwMDAwMDAsInJlYWQiOjMwMDAwMDAwMDAwMCwidXBkYXRlIjoxODAwMDAwMDAwMDAwfX0=",
          "dependencies": [
            "azurerm_resource_group.res-0",
            "azurerm_virtual_network.res-40"
          ]
        }
      ]
    },
    {
      "mode": "managed",
      "type": "azurerm_subnet",
      "name": "mgmtsubnet",
      "provider": "provider[\"registry.terraform.io/hashicorp/azurerm\"]",
      "instances": [
        {
          "schema_version": 0,
          "attributes": {
            "address_prefixes": [
              "172.18.10.128/26"
            ],
            "delegation": [],
            "enforce_private_link_endpoint_network_policies": false,
            "enforce_private_link_service_network_policies": false,
            "id": "/subscriptions/b851d0d9-9a10-4098-9269-35e85eb3a698/resourceGroups/rsg-thiagopontes/providers/Microsoft.Network/virtualNetworks/Vnet-Customer-Sdwan/subnets/FortinetManagementSubnet",
            "name": "FortinetManagementSubnet",
            "private_endpoint_network_policies_enabled": true,
            "private_link_service_network_policies_enabled": true,
            "resource_group_name": "rsg-thiagopontes",
            "service_endpoint_policy_ids": [],
            "service_endpoints": [],
            "timeouts": null,
            "virtual_network_name": "Vnet-Customer-Sdwan"
          },
          "sensitive_attributes": [],
          "private": "eyJlMmJmYjczMC1lY2FhLTExZTYtOGY4OC0zNDM2M2JjN2M0YzAiOnsiY3JlYXRlIjoxODAwMDAwMDAwMDAwLCJkZWxldGUiOjE4MDAwMDAwMDAwMDAsInJlYWQiOjMwMDAwMDAwMDAwMCwidXBkYXRlIjoxODAwMDAwMDAwMDAwfX0=",
          "dependencies": [
            "azurerm_resource_group.res-0",
            "azurerm_virtual_network.res-40"
          ]
        }
      ]
    },
    {
      "mode": "managed",
      "type": "azurerm_subnet",
      "name": "privatesubnet",
      "provider": "provider[\"registry.terraform.io/hashicorp/azurerm\"]",
      "instances": [
        {
          "schema_version": 0,
          "attributes": {
            "address_prefixes": [
              "172.18.10.64/26"
            ],
            "delegation": [],
            "enforce_private_link_endpoint_network_policies": false,
            "enforce_private_link_service_network_policies": false,
            "id": "/subscriptions/b851d0d9-9a10-4098-9269-35e85eb3a698/resourceGroups/rsg-thiagopontes/providers/Microsoft.Network/virtualNetworks/Vnet-Customer-Sdwan/subnets/FortinetInternalSubnet",
            "name": "FortinetInternalSubnet",
            "private_endpoint_network_policies_enabled": true,
            "private_link_service_network_policies_enabled": true,
            "resource_group_name": "rsg-thiagopontes",
            "service_endpoint_policy_ids": [],
            "service_endpoints": [],
            "timeouts": null,
            "virtual_network_name": "Vnet-Customer-Sdwan"
          },
          "sensitive_attributes": [],
          "private": "eyJlMmJmYjczMC1lY2FhLTExZTYtOGY4OC0zNDM2M2JjN2M0YzAiOnsiY3JlYXRlIjoxODAwMDAwMDAwMDAwLCJkZWxldGUiOjE4MDAwMDAwMDAwMDAsInJlYWQiOjMwMDAwMDAwMDAwMCwidXBkYXRlIjoxODAwMDAwMDAwMDAwfX0=",
          "dependencies": [
            "azurerm_resource_group.res-0",
            "azurerm_virtual_network.res-40"
          ]
        }
      ]
    },
    {
      "mode": "managed",
      "type": "azurerm_subnet",
      "name": "publicsubnet",
      "provider": "provider[\"registry.terraform.io/hashicorp/azurerm\"]",
      "instances": [
        {
          "schema_version": 0,
          "attributes": {
            "address_prefixes": [
              "172.18.10.0/26"
            ],
            "delegation": [],
            "enforce_private_link_endpoint_network_policies": false,
            "enforce_private_link_service_network_policies": false,
            "id": "/subscriptions/b851d0d9-9a10-4098-9269-35e85eb3a698/resourceGroups/rsg-thiagopontes/providers/Microsoft.Network/virtualNetworks/Vnet-Customer-Sdwan/subnets/FortinetExternalSubnet",
            "name": "FortinetExternalSubnet",
            "private_endpoint_network_policies_enabled": true,
            "private_link_service_network_policies_enabled": true,
            "resource_group_name": "rsg-thiagopontes",
            "service_endpoint_policy_ids": [],
            "service_endpoints": [],
            "timeouts": null,
            "virtual_network_name": "Vnet-Customer-Sdwan"
          },
          "sensitive_attributes": [],
          "private": "eyJlMmJmYjczMC1lY2FhLTExZTYtOGY4OC0zNDM2M2JjN2M0YzAiOnsiY3JlYXRlIjoxODAwMDAwMDAwMDAwLCJkZWxldGUiOjE4MDAwMDAwMDAwMDAsInJlYWQiOjMwMDAwMDAwMDAwMCwidXBkYXRlIjoxODAwMDAwMDAwMDAwfX0=",
          "dependencies": [
            "azurerm_resource_group.res-0",
            "azurerm_virtual_network.res-40"
          ]
        }
      ]
    },
    {
      "mode": "managed",
      "type": "azurerm_subnet_route_table_association",
      "name": "internalassociate",
      "provider": "provider[\"registry.terraform.io/hashicorp/azurerm\"]",
      "instances": [
        {
          "schema_version": 0,
          "attributes": {
            "id": "/subscriptions/b851d0d9-9a10-4098-9269-35e85eb3a698/resourceGroups/rsg-thiagopontes/providers/Microsoft.Network/virtualNetworks/Vnet-Customer-Sdwan/subnets/FortinetInternalSubnet",
            "route_table_id": "/subscriptions/b851d0d9-9a10-4098-9269-35e85eb3a698/resourceGroups/rsg-thiagopontes/providers/Microsoft.Network/routeTables/InternalRouteTable1",
            "subnet_id": "/subscriptions/b851d0d9-9a10-4098-9269-35e85eb3a698/resourceGroups/rsg-thiagopontes/providers/Microsoft.Network/virtualNetworks/Vnet-Customer-Sdwan/subnets/FortinetInternalSubnet",
            "timeouts": null
          },
          "sensitive_attributes": [],
          "private": "eyJlMmJmYjczMC1lY2FhLTExZTYtOGY4OC0zNDM2M2JjN2M0YzAiOnsiY3JlYXRlIjoxODAwMDAwMDAwMDAwLCJkZWxldGUiOjE4MDAwMDAwMDAwMDAsInJlYWQiOjMwMDAwMDAwMDAwMH19",
          "dependencies": [
            "azurerm_resource_group.res-0",
            "azurerm_route_table.internal",
            "azurerm_subnet.privatesubnet",
            "azurerm_virtual_network.res-40"
          ]
        }
      ]
    },
    {
      "mode": "managed",
      "type": "azurerm_virtual_machine_data_disk_attachment",
      "name": "res-4",
      "provider": "provider[\"registry.terraform.io/hashicorp/azurerm\"]",
      "instances": [
        {
          "schema_version": 0,
          "attributes": {
            "caching": "None",
            "create_option": "Attach",
            "id": "/subscriptions/b851d0d9-9a10-4098-9269-35e85eb3a698/resourceGroups/rsg-thiagopontes/providers/Microsoft.Compute/virtualMachines/FGT-Customer01/dataDisks/FGT-Customer01_disk2_f066a9849e0740d5a82f3d266f56fbca",
            "lun": 0,
            "managed_disk_id": "/subscriptions/b851d0d9-9a10-4098-9269-35e85eb3a698/resourceGroups/rsg-thiagopontes/providers/Microsoft.Compute/disks/FGT-Customer01_disk2_f066a9849e0740d5a82f3d266f56fbca",
            "timeouts": null,
            "virtual_machine_id": "/subscriptions/b851d0d9-9a10-4098-9269-35e85eb3a698/resourceGroups/rsg-thiagopontes/providers/Microsoft.Compute/virtualMachines/FGT-Customer01",
            "write_accelerator_enabled": false
          },
          "sensitive_attributes": [],
          "private": "eyJlMmJmYjczMC1lY2FhLTExZTYtOGY4OC0zNDM2M2JjN2M0YzAiOnsiY3JlYXRlIjoxODAwMDAwMDAwMDAwLCJkZWxldGUiOjE4MDAwMDAwMDAwMDAsInJlYWQiOjMwMDAwMDAwMDAwMCwidXBkYXRlIjoxODAwMDAwMDAwMDAwfX0=",
          "dependencies": [
            "azurerm_linux_virtual_machine.activefgtvm",
            "azurerm_managed_disk.res-1",
            "azurerm_network_interface.activeport1",
            "azurerm_network_interface.activeport2",
            "azurerm_network_interface.activeport3",
            "azurerm_network_interface.activeport4",
            "azurerm_public_ip.ActiveMGMTIP",
            "azurerm_public_ip.ClusterPublicIP",
            "azurerm_resource_group.res-0",
            "azurerm_route_table.internal",
            "azurerm_subnet.hasyncsubnet",
            "azurerm_subnet.mgmtsubnet",
            "azurerm_subnet.privatesubnet",
            "azurerm_subnet.publicsubnet",
            "azurerm_virtual_network.res-40"
          ]
        }
      ]
    },
    {
      "mode": "managed",
      "type": "azurerm_virtual_machine_data_disk_attachment",
      "name": "res-6",
      "provider": "provider[\"registry.terraform.io/hashicorp/azurerm\"]",
      "instances": [
        {
          "schema_version": 0,
          "attributes": {
            "caching": "None",
            "create_option": "Attach",
            "id": "/subscriptions/b851d0d9-9a10-4098-9269-35e85eb3a698/resourceGroups/rsg-thiagopontes/providers/Microsoft.Compute/virtualMachines/FGT-Customer02/dataDisks/FGT-Customer02_disk2_7e0a588d60eb45b1b495daf3cbdd6f4a",
            "lun": 0,
            "managed_disk_id": "/subscriptions/b851d0d9-9a10-4098-9269-35e85eb3a698/resourceGroups/rsg-thiagopontes/providers/Microsoft.Compute/disks/FGT-Customer02_disk2_7e0a588d60eb45b1b495daf3cbdd6f4a",
            "timeouts": null,
            "virtual_machine_id": "/subscriptions/b851d0d9-9a10-4098-9269-35e85eb3a698/resourceGroups/rsg-thiagopontes/providers/Microsoft.Compute/virtualMachines/FGT-Customer02",
            "write_accelerator_enabled": false
          },
          "sensitive_attributes": [],
          "private": "eyJlMmJmYjczMC1lY2FhLTExZTYtOGY4OC0zNDM2M2JjN2M0YzAiOnsiY3JlYXRlIjoxODAwMDAwMDAwMDAwLCJkZWxldGUiOjE4MDAwMDAwMDAwMDAsInJlYWQiOjMwMDAwMDAwMDAwMCwidXBkYXRlIjoxODAwMDAwMDAwMDAwfX0=",
          "dependencies": [
            "azurerm_linux_virtual_machine.passivefgtvm",
            "azurerm_managed_disk.res-2",
            "azurerm_network_interface.passiveport1",
            "azurerm_network_interface.passiveport2",
            "azurerm_network_interface.passiveport3",
            "azurerm_network_interface.passiveport4",
            "azurerm_public_ip.ClusterPublicIP",
            "azurerm_public_ip.PassiveMGMTIP",
            "azurerm_resource_group.res-0",
            "azurerm_route_table.internal",
            "azurerm_subnet.hasyncsubnet",
            "azurerm_subnet.mgmtsubnet",
            "azurerm_subnet.privatesubnet",
            "azurerm_subnet.publicsubnet",
            "azurerm_virtual_network.res-40"
          ]
        }
      ]
    },
    {
      "mode": "managed",
      "type": "azurerm_virtual_network",
      "name": "res-40",
      "provider": "provider[\"registry.terraform.io/hashicorp/azurerm\"]",
      "instances": [
        {
          "schema_version": 0,
          "attributes": {
            "address_space": [
              "172.18.10.0/24"
            ],
            "bgp_community": "",
            "ddos_protection_plan": [],
            "dns_servers": [],
            "edge_zone": "",
            "encryption": [],
            "flow_timeout_in_minutes": 0,
            "guid": "cb50b521-1b5c-4c25-bff9-17529c2cad89",
            "id": "/subscriptions/b851d0d9-9a10-4098-9269-35e85eb3a698/resourceGroups/rsg-thiagopontes/providers/Microsoft.Network/virtualNetworks/Vnet-Customer-Sdwan",
            "location": "eastus",
            "name": "Vnet-Customer-Sdwan",
            "resource_group_name": "rsg-thiagopontes",
            "subnet": [
              {
                "address_prefix": "172.18.10.0/26",
                "id": "/subscriptions/b851d0d9-9a10-4098-9269-35e85eb3a698/resourceGroups/rsg-thiagopontes/providers/Microsoft.Network/virtualNetworks/Vnet-Customer-Sdwan/subnets/FortinetExternalSubnet",
                "name": "FortinetExternalSubnet",
                "security_group": ""
              },
              {
                "address_prefix": "172.18.10.128/26",
                "id": "/subscriptions/b851d0d9-9a10-4098-9269-35e85eb3a698/resourceGroups/rsg-thiagopontes/providers/Microsoft.Network/virtualNetworks/Vnet-Customer-Sdwan/subnets/FortinetManagementSubnet",
                "name": "FortinetManagementSubnet",
                "security_group": ""
              },
              {
                "address_prefix": "172.18.10.192/26",
                "id": "/subscriptions/b851d0d9-9a10-4098-9269-35e85eb3a698/resourceGroups/rsg-thiagopontes/providers/Microsoft.Network/virtualNetworks/Vnet-Customer-Sdwan/subnets/FortinetHASyncSubnet",
                "name": "FortinetHASyncSubnet",
                "security_group": ""
              },
              {
                "address_prefix": "172.18.10.64/26",
                "id": "/subscriptions/b851d0d9-9a10-4098-9269-35e85eb3a698/resourceGroups/rsg-thiagopontes/providers/Microsoft.Network/virtualNetworks/Vnet-Customer-Sdwan/subnets/FortinetInternalSubnet",
                "name": "FortinetInternalSubnet",
                "security_group": ""
              }
            ],
            "tags": {
              "provider": "6EB3B02F-50E5-4A3E-8CB8-2E12925831AP"
            },
            "timeouts": null
          },
          "sensitive_attributes": [],
          "private": "eyJlMmJmYjczMC1lY2FhLTExZTYtOGY4OC0zNDM2M2JjN2M0YzAiOnsiY3JlYXRlIjoxODAwMDAwMDAwMDAwLCJkZWxldGUiOjE4MDAwMDAwMDAwMDAsInJlYWQiOjMwMDAwMDAwMDAwMCwidXBkYXRlIjoxODAwMDAwMDAwMDAwfX0=",
          "dependencies": [
            "azurerm_resource_group.res-0"
          ]
        }
      ]
    }
  ],
  "check_results": null
}
